
Microsoft Visual Studio Solution File, Format Version 12.00
# Visual Studio Version 17
VisualStudioVersion = 17.1.32421.90
MinimumVisualStudioVersion = 10.0.40219.1
Project("{2150E333-8FDC-42A3-9474-1A3956D46DE8}") = "05_Basic Syntax, Conditional Statements and Loops", "05_Basic Syntax, Conditional Statements and Loops", "{3A27463F-A2E0-4C8D-826D-B9FD59A3D715}"
EndProject
Project("{9A19103F-16F7-4668-BE54-9A1E7A4F7556}") = "P01_StudentInformation", "05_Basic Syntax, Conditional Statements and Loops\P01_StudentInformation\P01_StudentInformation.csproj", "{7626946B-8534-4F82-88D9-3C0CBAFE05BA}"
EndProject
Project("{9A19103F-16F7-4668-BE54-9A1E7A4F7556}") = "P02_Passed", "05_Basic Syntax, Conditional Statements and Loops\P02_Passed\P02_Passed.csproj", "{CFAF7E64-2647-4A19-B65F-DD6D6EDC5633}"
EndProject
Project("{9A19103F-16F7-4668-BE54-9A1E7A4F7556}") = "P03_PassedOrFailed", "05_Basic Syntax, Conditional Statements and Loops\P03_PassedOrFailed\P03_PassedOrFailed.csproj", "{50FA8ABC-3ABB-4554-87B8-FB6BD00671A4}"
EndProject
Project("{9A19103F-16F7-4668-BE54-9A1E7A4F7556}") = "P04_BackIn30Minutes", "05_Basic Syntax, Conditional Statements and Loops\P04_BackIn30Minutes\P04_BackIn30Minutes.csproj", "{4DC11CEA-6550-4779-96FD-98241FE9A997}"
EndProject
Project("{9A19103F-16F7-4668-BE54-9A1E7A4F7556}") = "P05_MonthPrinter", "05_Basic Syntax, Conditional Statements and Loops\P05_MonthPrinter\P05_MonthPrinter.csproj", "{CE7F2B7D-E126-4A77-8F7B-BC0CEFCBF9D7}"
EndProject
Project("{9A19103F-16F7-4668-BE54-9A1E7A4F7556}") = "P06_ForeignLanguages", "05_Basic Syntax, Conditional Statements and Loops\P06_ForeignLanguages\P06_ForeignLanguages.csproj", "{D9A17891-390C-42B3-B5F9-D0E60CA231D5}"
EndProject
Project("{9A19103F-16F7-4668-BE54-9A1E7A4F7556}") = "P07_TheatrePromotion", "05_Basic Syntax, Conditional Statements and Loops\P07_TheatrePromotion\P07_TheatrePromotion.csproj", "{8B83DBFC-80BF-4AE5-AC47-34FF5FC6531F}"
EndProject
Project("{9A19103F-16F7-4668-BE54-9A1E7A4F7556}") = "P08_DivisibleBy3", "05_Basic Syntax, Conditional Statements and Loops\P08_DivisibleBy3\P08_DivisibleBy3.csproj", "{5C9FA6ED-F2A6-43A8-B74D-74FEE01C1651}"
EndProject
Project("{9A19103F-16F7-4668-BE54-9A1E7A4F7556}") = "P09_SumOfOddNumbers", "05_Basic Syntax, Conditional Statements and Loops\P09_SumOfOddNumbers\P09_SumOfOddNumbers.csproj", "{5FBB70A2-B7AB-49E7-BB53-A863717B4783}"
EndProject
Project("{9A19103F-16F7-4668-BE54-9A1E7A4F7556}") = "P10_MultiplicationTable", "05_Basic Syntax, Conditional Statements and Loops\P10_MultiplicationTable\P10_MultiplicationTable.csproj", "{329FAA19-B778-4199-86E1-CA1242DFAC30}"
EndProject
Project("{9A19103F-16F7-4668-BE54-9A1E7A4F7556}") = "P11_MultiplicationTable2", "05_Basic Syntax, Conditional Statements and Loops\P11_MultiplicationTable2\P11_MultiplicationTable2.csproj", "{1679509B-FDA5-4CD9-A2EB-D0E8F1A10104}"
EndProject
Project("{9A19103F-16F7-4668-BE54-9A1E7A4F7556}") = "P12_EvenNumber", "05_Basic Syntax, Conditional Statements and Loops\P12_EvenNumber\P12_EvenNumber.csproj", "{468F2079-0789-4D92-90C4-AF3971A03800}"
EndProject
Project("{9A19103F-16F7-4668-BE54-9A1E7A4F7556}") = "P13_HolidBetweenTwoDates", "05_Basic Syntax, Conditional Statements and Loops\P13_HolidBetweenTwoDates\P13_HolidBetweenTwoDates.csproj", "{34227DDB-C410-4129-B37C-8F93BBD9C56A}"
EndProject
Project("{2150E333-8FDC-42A3-9474-1A3956D46DE8}") = "08_Data Types and Variables", "08_Data Types and Variables", "{3806EE58-E5F4-4647-95F1-4C986F57D4AD}"
EndProject
Project("{9A19103F-16F7-4668-BE54-9A1E7A4F7556}") = "P01_ConvertMetersToKilometers", "08_Data Types and Variables\P01_ConvertMetersToKilometers\P01_ConvertMetersToKilometers.csproj", "{4EC0CB72-740D-461A-8E73-5B8C0BC50A2E}"
EndProject
Project("{9A19103F-16F7-4668-BE54-9A1E7A4F7556}") = "P02_PoundsToDollars", "08_Data Types and Variables\P02_PoundsToDollars\P02_PoundsToDollars.csproj", "{6F819A1C-73B9-4BBF-816B-0108EAB9002B}"
EndProject
Project("{9A19103F-16F7-4668-BE54-9A1E7A4F7556}") = "P03_ExactSumOfRealNumbers", "08_Data Types and Variables\P03_ExactSumOfRealNumbers\P03_ExactSumOfRealNumbers.csproj", "{E7B8B6F1-F626-4035-AA5D-07FA9DEC35C5}"
EndProject
Project("{9A19103F-16F7-4668-BE54-9A1E7A4F7556}") = "P04_CenturiesToMinutes", "08_Data Types and Variables\P04_CenturiesToMinutes\P04_CenturiesToMinutes.csproj", "{4AB585B7-7A6D-4C97-ACFB-3E310129959D}"
EndProject
Project("{9A19103F-16F7-4668-BE54-9A1E7A4F7556}") = "P05_SpecialNumbers", "08_Data Types and Variables\P05_SpecialNumbers\P05_SpecialNumbers.csproj", "{8570AC49-0D31-4F25-95E7-32E333E6E35B}"
EndProject
Project("{9A19103F-16F7-4668-BE54-9A1E7A4F7556}") = "P06_ReversedChars", "08_Data Types and Variables\P06_ReversedChars\P06_ReversedChars.csproj", "{191DF9A4-CCC3-4156-8E89-6C8F8FA4DE91}"
EndProject
Project("{9A19103F-16F7-4668-BE54-9A1E7A4F7556}") = "P07_ConcatNames", "08_Data Types and Variables\P07_ConcatNames\P07_ConcatNames.csproj", "{7F71B98E-73D2-49E9-BF1C-5EDED230D7C0}"
EndProject
Project("{9A19103F-16F7-4668-BE54-9A1E7A4F7556}") = "P08_TownInfo", "08_Data Types and Variables\P08_TownInfo\P08_TownInfo.csproj", "{D67216A2-38A7-4E8B-8D9F-8557DE8A3F5B}"
EndProject
Project("{9A19103F-16F7-4668-BE54-9A1E7A4F7556}") = "P09_CharsToString", "08_Data Types and Variables\P09_CharsToString\P09_CharsToString.csproj", "{3711AABF-B6E2-49C4-AA17-75F1BE9D13C9}"
EndProject
Project("{9A19103F-16F7-4668-BE54-9A1E7A4F7556}") = "P10_LowerOrUpper", "08_Data Types and Variables\P10_LowerOrUpper\P10_LowerOrUpper.csproj", "{AA5D9EC9-01DE-4586-87BB-D85D046E494A}"
EndProject
Project("{9A19103F-16F7-4668-BE54-9A1E7A4F7556}") = "P11_RefactorVolumeOfPyramid", "08_Data Types and Variables\P11_RefactorVolumeOfPyramid\P11_RefactorVolumeOfPyramid.csproj", "{B73A0261-872E-4914-A436-B22867A91D89}"
EndProject
Project("{9A19103F-16F7-4668-BE54-9A1E7A4F7556}") = "P12_RefactorSpecialNumbers", "08_Data Types and Variables\P12_RefactorSpecialNumbers\P12_RefactorSpecialNumbers.csproj", "{B118F9DE-3DBE-44D6-B39E-5EEE2D0020E0}"
EndProject
Project("{2150E333-8FDC-42A3-9474-1A3956D46DE8}") = "11_Arrays", "11_Arrays", "{11C8CAB6-86CA-43FF-A330-E40F9F23CADC}"
EndProject
Project("{9A19103F-16F7-4668-BE54-9A1E7A4F7556}") = "P03_RoundingNumbers", "11_Arrays\P03_RoundingNumbers\P03_RoundingNumbers.csproj", "{3DAE1533-0D5C-496D-8A96-7E6E9537E8B7}"
EndProject
Project("{9A19103F-16F7-4668-BE54-9A1E7A4F7556}") = "P07_EqualArrays", "11_Arrays\P07_EqualArrays\P07_EqualArrays.csproj", "{C280F5FD-3AEB-481B-99F3-3354593CB2D3}"
EndProject
Project("{9A19103F-16F7-4668-BE54-9A1E7A4F7556}") = "P01_DayOfWeek", "11_Arrays\P01_DayOfWeek\P01_DayOfWeek.csproj", "{48721852-908A-4879-9C33-E0AB06F580DD}"
EndProject
Project("{9A19103F-16F7-4668-BE54-9A1E7A4F7556}") = "P02_PrintNumbersInReverseOrder", "11_Arrays\P02_PrintNumbersInReverseOrder\P02_PrintNumbersInReverseOrder.csproj", "{398E2F7F-5AE1-4E99-ABB7-5059E67160DA}"
EndProject
Project("{9A19103F-16F7-4668-BE54-9A1E7A4F7556}") = "P04_ReverseArrayOfStrings", "11_Arrays\P04_ReverseArrayOfStrings\P04_ReverseArrayOfStrings.csproj", "{A5F51266-329F-4CD6-AFA5-787E1D4EE609}"
EndProject
Project("{9A19103F-16F7-4668-BE54-9A1E7A4F7556}") = "P05_SumEvenNumbers", "11_Arrays\P05_SumEvenNumbers\P05_SumEvenNumbers.csproj", "{004B07D1-529C-4AE2-9890-89F6FA949641}"
EndProject
Project("{9A19103F-16F7-4668-BE54-9A1E7A4F7556}") = "P06_EvenAndOddSubtraction", "11_Arrays\P06_EvenAndOddSubtraction\P06_EvenAndOddSubtraction.csproj", "{63BE0816-01C3-4316-960D-6438DFF81F37}"
EndProject
Project("{9A19103F-16F7-4668-BE54-9A1E7A4F7556}") = "P08_CondenseArrayToNumber", "11_Arrays\P08_CondenseArrayToNumber\P08_CondenseArrayToNumber.csproj", "{79FA9CB8-D420-4398-9DEE-893EA2FA52D3}"
EndProject
Project("{2150E333-8FDC-42A3-9474-1A3956D46DE8}") = "14_Methods", "14_Methods", "{37721627-DA0A-4197-BD23-B52463B342BF}"
EndProject
Project("{9A19103F-16F7-4668-BE54-9A1E7A4F7556}") = "P01_SignOfIntegerNumbers", "14_Methods\P01_SignOfIntegerNumbers\P01_SignOfIntegerNumbers.csproj", "{415DEBB6-C293-4085-92B1-AA39C28CEA49}"
EndProject
Project("{9A19103F-16F7-4668-BE54-9A1E7A4F7556}") = "P02_Grades", "14_Methods\P02_Grades\P02_Grades.csproj", "{B808DCE3-5653-48B6-B10E-36512E39AA1B}"
EndProject
Project("{9A19103F-16F7-4668-BE54-9A1E7A4F7556}") = "P03_Calculations", "14_Methods\P03_Calculations\P03_Calculations.csproj", "{CF4FA778-3E4A-4EB2-AB75-2EC70B6318D8}"
EndProject
Project("{9A19103F-16F7-4668-BE54-9A1E7A4F7556}") = "P04_PrintingTriangle", "14_Methods\P04_PrintingTriangle\P04_PrintingTriangle.csproj", "{31E4E28C-3D8C-4471-8619-71D0298DD990}"
EndProject
Project("{9A19103F-16F7-4668-BE54-9A1E7A4F7556}") = "P05_Orders", "14_Methods\P05_Orders\P05_Orders.csproj", "{FEC3C4CC-60D7-4682-911B-4E34DEA53B59}"
EndProject
Project("{9A19103F-16F7-4668-BE54-9A1E7A4F7556}") = "P06_CalculateRectangleArea", "14_Methods\P06_CalculateRectangleArea\P06_CalculateRectangleArea.csproj", "{3E962DFB-0455-4951-9DD1-A471133E40B4}"
EndProject
Project("{9A19103F-16F7-4668-BE54-9A1E7A4F7556}") = "P07_RepeatString", "14_Methods\P07_RepeatString\P07_RepeatString.csproj", "{9B205701-9620-4C1E-A9DC-4943947A920C}"
EndProject
Project("{9A19103F-16F7-4668-BE54-9A1E7A4F7556}") = "P08_MathPower", "14_Methods\P08_MathPower\P08_MathPower.csproj", "{BACFFA45-A568-48F4-A73B-A7F833347F23}"
EndProject
Project("{9A19103F-16F7-4668-BE54-9A1E7A4F7556}") = "P09_GreaterOfTwoValues", "14_Methods\P09_GreaterOfTwoValues\P09_GreaterOfTwoValues.csproj", "{1E2492E7-FD08-4818-ACB0-CD5B6DE0A163}"
EndProject
Project("{9A19103F-16F7-4668-BE54-9A1E7A4F7556}") = "P10_MultiplyEvensByOdds", "14_Methods\P10_MultiplyEvensByOdds\P10_MultiplyEvensByOdds.csproj", "{F04D033A-8377-48DD-B90C-4B4BFECEDDFE}"
EndProject
Project("{9A19103F-16F7-4668-BE54-9A1E7A4F7556}") = "P11_MathOperations", "14_Methods\P11_MathOperations\P11_MathOperations.csproj", "{F3B36E3F-DFF1-469A-9369-09DF5A487F4F}"
EndProject
Project("{2150E333-8FDC-42A3-9474-1A3956D46DE8}") = "17_Lists - Lab", "17_Lists - Lab", "{9D8D477F-01F6-4C2B-99DB-BD24D9F41A30}"
EndProject
Project("{9A19103F-16F7-4668-BE54-9A1E7A4F7556}") = "P01_SumAdjacentEqualNumbers", "17_Lists - Lab\P01_SumAdjacentEqualNumbers\P01_SumAdjacentEqualNumbers.csproj", "{7537ABD3-B04E-4E20-8647-16E0AC83B8A1}"
EndProject
Project("{9A19103F-16F7-4668-BE54-9A1E7A4F7556}") = "P02_GaussTrick", "17_Lists - Lab\P02_GaussTrick\P02_GaussTrick.csproj", "{843C1270-971D-480C-9FAB-0518E2659DFF}"
EndProject
Project("{9A19103F-16F7-4668-BE54-9A1E7A4F7556}") = "P03_MergingLists", "17_Lists - Lab\P03_MergingLists\P03_MergingLists.csproj", "{16B0D6D6-2694-4EAD-A423-AF3BBB20241F}"
EndProject
Project("{9A19103F-16F7-4668-BE54-9A1E7A4F7556}") = "P04_ListOfProducts", "17_Lists - Lab\P04_ListOfProducts\P04_ListOfProducts.csproj", "{A2194104-5096-4007-88E9-EA2FA522DB31}"
EndProject
Project("{9A19103F-16F7-4668-BE54-9A1E7A4F7556}") = "P05_RemoveNegativesAndReverse", "17_Lists - Lab\P05_RemoveNegativesAndReverse\P05_RemoveNegativesAndReverse.csproj", "{63BAD88F-20A0-4F53-B283-8F002DFBE7D3}"
EndProject
Project("{9A19103F-16F7-4668-BE54-9A1E7A4F7556}") = "P06_ListManipulationBasics", "17_Lists - Lab\P06_ListManipulationBasics\P06_ListManipulationBasics.csproj", "{2CA33DAF-326C-4353-BF83-E14775425B9D}"
EndProject
Project("{9A19103F-16F7-4668-BE54-9A1E7A4F7556}") = "P07_ListManipulationAdvanced", "17_Lists - Lab\P07_ListManipulationAdvanced\P07_ListManipulationAdvanced.csproj", "{03A5D3B0-9B8D-4BA9-8A81-4CD11D7617B5}"
EndProject
Project("{2150E333-8FDC-42A3-9474-1A3956D46DE8}") = "19_Exam Preparation", "19_Exam Preparation", "{11352F3C-C131-4D37-B9A4-E4A903238247}"
EndProject
Project("{9A19103F-16F7-4668-BE54-9A1E7A4F7556}") = "P01_GuineaPig", "19_Exam Preparation\P01_GuineaPig\P01_GuineaPig.csproj", "{40B0C564-B7BB-4BA0-8141-37E34994C3BE}"
EndProject
Project("{9A19103F-16F7-4668-BE54-9A1E7A4F7556}") = "P02_TheLift", "19_Exam Preparation\P02_TheLift\P02_TheLift.csproj", "{B7A76E15-E89C-4A40-A420-81E2092A2F45}"
EndProject
Project("{9A19103F-16F7-4668-BE54-9A1E7A4F7556}") = "P03_MovingTarget", "19_Exam Preparation\P03_MovingTarget\P03_MovingTarget.csproj", "{0153EFDE-2F85-4807-8348-424E756CCC77}"
EndProject
Project("{2150E333-8FDC-42A3-9474-1A3956D46DE8}") = "21_Objects and Classes", "21_Objects and Classes", "{6D758661-6C49-4FB7-AF60-EFD098AEF2FA}"
EndProject
Project("{9A19103F-16F7-4668-BE54-9A1E7A4F7556}") = "P01_RandomizeWords", "21_Objects and Classes\P01_RandomizeWords\P01_RandomizeWords.csproj", "{50BF24E5-6A57-4102-83C6-98BDAAF8CC50}"
EndProject
Project("{9A19103F-16F7-4668-BE54-9A1E7A4F7556}") = "P02_BigFactorial", "21_Objects and Classes\P02_BigFactorial\P02_BigFactorial.csproj", "{55B6489A-D295-498E-90D0-6EDF4651039B}"
EndProject
Project("{9A19103F-16F7-4668-BE54-9A1E7A4F7556}") = "P03_Songs", "21_Objects and Classes\P03_Songs\P03_Songs.csproj", "{DD1FD38D-922E-4A26-87F6-326E3A1F47C4}"
EndProject
Project("{9A19103F-16F7-4668-BE54-9A1E7A4F7556}") = "P04_Students", "21_Objects and Classes\P04_Students\P04_Students.csproj", "{0BEA28D7-F4D9-4F87-B26A-78E0C854CCE5}"
EndProject
Project("{9A19103F-16F7-4668-BE54-9A1E7A4F7556}") = "P05_Students2.0", "21_Objects and Classes\P05_Students2.0\P05_Students2.0.csproj", "{0D05240C-B3E0-441C-9968-94836EE10277}"
EndProject
Project("{9A19103F-16F7-4668-BE54-9A1E7A4F7556}") = "P06_StoreBoxes", "21_Objects and Classes\P06_StoreBoxes\P06_StoreBoxes.csproj", "{AC818C0C-A6BE-4343-9E62-17716F6B8B0B}"
EndProject
Project("{9A19103F-16F7-4668-BE54-9A1E7A4F7556}") = "P07_VehicleCatalogue", "21_Objects and Classes\P07_VehicleCatalogue\P07_VehicleCatalogue.csproj", "{CF530618-9DD9-4468-B446-F96CB99B8D47}"
EndProject
Project("{2150E333-8FDC-42A3-9474-1A3956D46DE8}") = "24_Associative Arrays", "24_Associative Arrays", "{35BDE75D-320B-40B5-BF58-AA5A00AC5D48}"
EndProject
Project("{9A19103F-16F7-4668-BE54-9A1E7A4F7556}") = "P01_CountRealNumbers", "24_Associative Arrays\P01_CountRealNumbers\P01_CountRealNumbers.csproj", "{DE303F91-A8C5-46DC-83B9-03DE6E67C09D}"
EndProject
Project("{9A19103F-16F7-4668-BE54-9A1E7A4F7556}") = "P02_OddOccurrences", "24_Associative Arrays\P02_OddOccurrences\P02_OddOccurrences.csproj", "{AD644A7A-D20A-43C6-A557-17BCBD6EDF7F}"
EndProject
Project("{9A19103F-16F7-4668-BE54-9A1E7A4F7556}") = "P03_WordSynonyms", "24_Associative Arrays\P03_WordSynonyms\P03_WordSynonyms.csproj", "{2FB16905-CCE6-48AE-B97D-D1A606DE9822}"
EndProject
Project("{9A19103F-16F7-4668-BE54-9A1E7A4F7556}") = "P04_WordFilter", "24_Associative Arrays\P04_WordFilter\P04_WordFilter.csproj", "{D711954C-6130-4A3E-A1BC-45FD95F0D7C2}"
EndProject
Project("{2150E333-8FDC-42A3-9474-1A3956D46DE8}") = "27_Text Processing", "27_Text Processing", "{48373032-8495-4946-9CC4-C6D385C3AFE0}"
EndProject
Project("{FAE04EC0-301F-11D3-BF4B-00C04F79EFBC}") = "P01_ReverseStrings", "27_Text Processing\P01_ReverseStrings\P01_ReverseStrings.csproj", "{836C5D0D-BF56-4422-A536-6873D43034E9}"
EndProject
Project("{FAE04EC0-301F-11D3-BF4B-00C04F79EFBC}") = "P02_RepeatStrings", "27_Text Processing\P02_RepeatStrings\P02_RepeatStrings.csproj", "{592C4868-81FE-43B2-B87C-1181355B50D1}"
EndProject
Project("{FAE04EC0-301F-11D3-BF4B-00C04F79EFBC}") = "P03_Substring", "27_Text Processing\P03_Substring\P03_Substring.csproj", "{DD746A56-D1AB-4AC0-B463-89885E768D95}"
EndProject
Project("{FAE04EC0-301F-11D3-BF4B-00C04F79EFBC}") = "P04_TextFilter", "27_Text Processing\P04_TextFilter\P04_TextFilter.csproj", "{D6A35115-C723-471F-9FDA-F071283E2EEA}"
EndProject
Project("{FAE04EC0-301F-11D3-BF4B-00C04F79EFBC}") = "P05_DigitsLettersAndOther", "27_Text Processing\P05_DigitsLettersAndOther\P05_DigitsLettersAndOther.csproj", "{00BDA8E3-0AB0-41B5-AFC0-D433267353FC}"
EndProject
Global
	GlobalSection(SolutionConfigurationPlatforms) = preSolution
		Debug|Any CPU = Debug|Any CPU
		Release|Any CPU = Release|Any CPU
	EndGlobalSection
	GlobalSection(ProjectConfigurationPlatforms) = postSolution
		{7626946B-8534-4F82-88D9-3C0CBAFE05BA}.Debug|Any CPU.ActiveCfg = Debug|Any CPU
		{7626946B-8534-4F82-88D9-3C0CBAFE05BA}.Debug|Any CPU.Build.0 = Debug|Any CPU
		{7626946B-8534-4F82-88D9-3C0CBAFE05BA}.Release|Any CPU.ActiveCfg = Release|Any CPU
		{7626946B-8534-4F82-88D9-3C0CBAFE05BA}.Release|Any CPU.Build.0 = Release|Any CPU
		{CFAF7E64-2647-4A19-B65F-DD6D6EDC5633}.Debug|Any CPU.ActiveCfg = Debug|Any CPU
		{CFAF7E64-2647-4A19-B65F-DD6D6EDC5633}.Debug|Any CPU.Build.0 = Debug|Any CPU
		{CFAF7E64-2647-4A19-B65F-DD6D6EDC5633}.Release|Any CPU.ActiveCfg = Release|Any CPU
		{CFAF7E64-2647-4A19-B65F-DD6D6EDC5633}.Release|Any CPU.Build.0 = Release|Any CPU
		{50FA8ABC-3ABB-4554-87B8-FB6BD00671A4}.Debug|Any CPU.ActiveCfg = Debug|Any CPU
		{50FA8ABC-3ABB-4554-87B8-FB6BD00671A4}.Debug|Any CPU.Build.0 = Debug|Any CPU
		{50FA8ABC-3ABB-4554-87B8-FB6BD00671A4}.Release|Any CPU.ActiveCfg = Release|Any CPU
		{50FA8ABC-3ABB-4554-87B8-FB6BD00671A4}.Release|Any CPU.Build.0 = Release|Any CPU
		{4DC11CEA-6550-4779-96FD-98241FE9A997}.Debug|Any CPU.ActiveCfg = Debug|Any CPU
		{4DC11CEA-6550-4779-96FD-98241FE9A997}.Debug|Any CPU.Build.0 = Debug|Any CPU
		{4DC11CEA-6550-4779-96FD-98241FE9A997}.Release|Any CPU.ActiveCfg = Release|Any CPU
		{4DC11CEA-6550-4779-96FD-98241FE9A997}.Release|Any CPU.Build.0 = Release|Any CPU
		{CE7F2B7D-E126-4A77-8F7B-BC0CEFCBF9D7}.Debug|Any CPU.ActiveCfg = Debug|Any CPU
		{CE7F2B7D-E126-4A77-8F7B-BC0CEFCBF9D7}.Debug|Any CPU.Build.0 = Debug|Any CPU
		{CE7F2B7D-E126-4A77-8F7B-BC0CEFCBF9D7}.Release|Any CPU.ActiveCfg = Release|Any CPU
		{CE7F2B7D-E126-4A77-8F7B-BC0CEFCBF9D7}.Release|Any CPU.Build.0 = Release|Any CPU
		{D9A17891-390C-42B3-B5F9-D0E60CA231D5}.Debug|Any CPU.ActiveCfg = Debug|Any CPU
		{D9A17891-390C-42B3-B5F9-D0E60CA231D5}.Debug|Any CPU.Build.0 = Debug|Any CPU
		{D9A17891-390C-42B3-B5F9-D0E60CA231D5}.Release|Any CPU.ActiveCfg = Release|Any CPU
		{D9A17891-390C-42B3-B5F9-D0E60CA231D5}.Release|Any CPU.Build.0 = Release|Any CPU
		{8B83DBFC-80BF-4AE5-AC47-34FF5FC6531F}.Debug|Any CPU.ActiveCfg = Debug|Any CPU
		{8B83DBFC-80BF-4AE5-AC47-34FF5FC6531F}.Debug|Any CPU.Build.0 = Debug|Any CPU
		{8B83DBFC-80BF-4AE5-AC47-34FF5FC6531F}.Release|Any CPU.ActiveCfg = Release|Any CPU
		{8B83DBFC-80BF-4AE5-AC47-34FF5FC6531F}.Release|Any CPU.Build.0 = Release|Any CPU
		{5C9FA6ED-F2A6-43A8-B74D-74FEE01C1651}.Debug|Any CPU.ActiveCfg = Debug|Any CPU
		{5C9FA6ED-F2A6-43A8-B74D-74FEE01C1651}.Debug|Any CPU.Build.0 = Debug|Any CPU
		{5C9FA6ED-F2A6-43A8-B74D-74FEE01C1651}.Release|Any CPU.ActiveCfg = Release|Any CPU
		{5C9FA6ED-F2A6-43A8-B74D-74FEE01C1651}.Release|Any CPU.Build.0 = Release|Any CPU
		{5FBB70A2-B7AB-49E7-BB53-A863717B4783}.Debug|Any CPU.ActiveCfg = Debug|Any CPU
		{5FBB70A2-B7AB-49E7-BB53-A863717B4783}.Debug|Any CPU.Build.0 = Debug|Any CPU
		{5FBB70A2-B7AB-49E7-BB53-A863717B4783}.Release|Any CPU.ActiveCfg = Release|Any CPU
		{5FBB70A2-B7AB-49E7-BB53-A863717B4783}.Release|Any CPU.Build.0 = Release|Any CPU
		{329FAA19-B778-4199-86E1-CA1242DFAC30}.Debug|Any CPU.ActiveCfg = Debug|Any CPU
		{329FAA19-B778-4199-86E1-CA1242DFAC30}.Debug|Any CPU.Build.0 = Debug|Any CPU
		{329FAA19-B778-4199-86E1-CA1242DFAC30}.Release|Any CPU.ActiveCfg = Release|Any CPU
		{329FAA19-B778-4199-86E1-CA1242DFAC30}.Release|Any CPU.Build.0 = Release|Any CPU
		{1679509B-FDA5-4CD9-A2EB-D0E8F1A10104}.Debug|Any CPU.ActiveCfg = Debug|Any CPU
		{1679509B-FDA5-4CD9-A2EB-D0E8F1A10104}.Debug|Any CPU.Build.0 = Debug|Any CPU
		{1679509B-FDA5-4CD9-A2EB-D0E8F1A10104}.Release|Any CPU.ActiveCfg = Release|Any CPU
		{1679509B-FDA5-4CD9-A2EB-D0E8F1A10104}.Release|Any CPU.Build.0 = Release|Any CPU
		{468F2079-0789-4D92-90C4-AF3971A03800}.Debug|Any CPU.ActiveCfg = Debug|Any CPU
		{468F2079-0789-4D92-90C4-AF3971A03800}.Debug|Any CPU.Build.0 = Debug|Any CPU
		{468F2079-0789-4D92-90C4-AF3971A03800}.Release|Any CPU.ActiveCfg = Release|Any CPU
		{468F2079-0789-4D92-90C4-AF3971A03800}.Release|Any CPU.Build.0 = Release|Any CPU
		{34227DDB-C410-4129-B37C-8F93BBD9C56A}.Debug|Any CPU.ActiveCfg = Debug|Any CPU
		{34227DDB-C410-4129-B37C-8F93BBD9C56A}.Debug|Any CPU.Build.0 = Debug|Any CPU
		{34227DDB-C410-4129-B37C-8F93BBD9C56A}.Release|Any CPU.ActiveCfg = Release|Any CPU
		{34227DDB-C410-4129-B37C-8F93BBD9C56A}.Release|Any CPU.Build.0 = Release|Any CPU
		{4EC0CB72-740D-461A-8E73-5B8C0BC50A2E}.Debug|Any CPU.ActiveCfg = Debug|Any CPU
		{4EC0CB72-740D-461A-8E73-5B8C0BC50A2E}.Debug|Any CPU.Build.0 = Debug|Any CPU
		{4EC0CB72-740D-461A-8E73-5B8C0BC50A2E}.Release|Any CPU.ActiveCfg = Release|Any CPU
		{4EC0CB72-740D-461A-8E73-5B8C0BC50A2E}.Release|Any CPU.Build.0 = Release|Any CPU
		{6F819A1C-73B9-4BBF-816B-0108EAB9002B}.Debug|Any CPU.ActiveCfg = Debug|Any CPU
		{6F819A1C-73B9-4BBF-816B-0108EAB9002B}.Debug|Any CPU.Build.0 = Debug|Any CPU
		{6F819A1C-73B9-4BBF-816B-0108EAB9002B}.Release|Any CPU.ActiveCfg = Release|Any CPU
		{6F819A1C-73B9-4BBF-816B-0108EAB9002B}.Release|Any CPU.Build.0 = Release|Any CPU
		{E7B8B6F1-F626-4035-AA5D-07FA9DEC35C5}.Debug|Any CPU.ActiveCfg = Debug|Any CPU
		{E7B8B6F1-F626-4035-AA5D-07FA9DEC35C5}.Debug|Any CPU.Build.0 = Debug|Any CPU
		{E7B8B6F1-F626-4035-AA5D-07FA9DEC35C5}.Release|Any CPU.ActiveCfg = Release|Any CPU
		{E7B8B6F1-F626-4035-AA5D-07FA9DEC35C5}.Release|Any CPU.Build.0 = Release|Any CPU
		{4AB585B7-7A6D-4C97-ACFB-3E310129959D}.Debug|Any CPU.ActiveCfg = Debug|Any CPU
		{4AB585B7-7A6D-4C97-ACFB-3E310129959D}.Debug|Any CPU.Build.0 = Debug|Any CPU
		{4AB585B7-7A6D-4C97-ACFB-3E310129959D}.Release|Any CPU.ActiveCfg = Release|Any CPU
		{4AB585B7-7A6D-4C97-ACFB-3E310129959D}.Release|Any CPU.Build.0 = Release|Any CPU
		{8570AC49-0D31-4F25-95E7-32E333E6E35B}.Debug|Any CPU.ActiveCfg = Debug|Any CPU
		{8570AC49-0D31-4F25-95E7-32E333E6E35B}.Debug|Any CPU.Build.0 = Debug|Any CPU
		{8570AC49-0D31-4F25-95E7-32E333E6E35B}.Release|Any CPU.ActiveCfg = Release|Any CPU
		{8570AC49-0D31-4F25-95E7-32E333E6E35B}.Release|Any CPU.Build.0 = Release|Any CPU
		{191DF9A4-CCC3-4156-8E89-6C8F8FA4DE91}.Debug|Any CPU.ActiveCfg = Debug|Any CPU
		{191DF9A4-CCC3-4156-8E89-6C8F8FA4DE91}.Debug|Any CPU.Build.0 = Debug|Any CPU
		{191DF9A4-CCC3-4156-8E89-6C8F8FA4DE91}.Release|Any CPU.ActiveCfg = Release|Any CPU
		{191DF9A4-CCC3-4156-8E89-6C8F8FA4DE91}.Release|Any CPU.Build.0 = Release|Any CPU
		{7F71B98E-73D2-49E9-BF1C-5EDED230D7C0}.Debug|Any CPU.ActiveCfg = Debug|Any CPU
		{7F71B98E-73D2-49E9-BF1C-5EDED230D7C0}.Debug|Any CPU.Build.0 = Debug|Any CPU
		{7F71B98E-73D2-49E9-BF1C-5EDED230D7C0}.Release|Any CPU.ActiveCfg = Release|Any CPU
		{7F71B98E-73D2-49E9-BF1C-5EDED230D7C0}.Release|Any CPU.Build.0 = Release|Any CPU
		{D67216A2-38A7-4E8B-8D9F-8557DE8A3F5B}.Debug|Any CPU.ActiveCfg = Debug|Any CPU
		{D67216A2-38A7-4E8B-8D9F-8557DE8A3F5B}.Debug|Any CPU.Build.0 = Debug|Any CPU
		{D67216A2-38A7-4E8B-8D9F-8557DE8A3F5B}.Release|Any CPU.ActiveCfg = Release|Any CPU
		{D67216A2-38A7-4E8B-8D9F-8557DE8A3F5B}.Release|Any CPU.Build.0 = Release|Any CPU
		{3711AABF-B6E2-49C4-AA17-75F1BE9D13C9}.Debug|Any CPU.ActiveCfg = Debug|Any CPU
		{3711AABF-B6E2-49C4-AA17-75F1BE9D13C9}.Debug|Any CPU.Build.0 = Debug|Any CPU
		{3711AABF-B6E2-49C4-AA17-75F1BE9D13C9}.Release|Any CPU.ActiveCfg = Release|Any CPU
		{3711AABF-B6E2-49C4-AA17-75F1BE9D13C9}.Release|Any CPU.Build.0 = Release|Any CPU
		{AA5D9EC9-01DE-4586-87BB-D85D046E494A}.Debug|Any CPU.ActiveCfg = Debug|Any CPU
		{AA5D9EC9-01DE-4586-87BB-D85D046E494A}.Debug|Any CPU.Build.0 = Debug|Any CPU
		{AA5D9EC9-01DE-4586-87BB-D85D046E494A}.Release|Any CPU.ActiveCfg = Release|Any CPU
		{AA5D9EC9-01DE-4586-87BB-D85D046E494A}.Release|Any CPU.Build.0 = Release|Any CPU
		{B73A0261-872E-4914-A436-B22867A91D89}.Debug|Any CPU.ActiveCfg = Debug|Any CPU
		{B73A0261-872E-4914-A436-B22867A91D89}.Debug|Any CPU.Build.0 = Debug|Any CPU
		{B73A0261-872E-4914-A436-B22867A91D89}.Release|Any CPU.ActiveCfg = Release|Any CPU
		{B73A0261-872E-4914-A436-B22867A91D89}.Release|Any CPU.Build.0 = Release|Any CPU
		{B118F9DE-3DBE-44D6-B39E-5EEE2D0020E0}.Debug|Any CPU.ActiveCfg = Debug|Any CPU
		{B118F9DE-3DBE-44D6-B39E-5EEE2D0020E0}.Debug|Any CPU.Build.0 = Debug|Any CPU
		{B118F9DE-3DBE-44D6-B39E-5EEE2D0020E0}.Release|Any CPU.ActiveCfg = Release|Any CPU
		{B118F9DE-3DBE-44D6-B39E-5EEE2D0020E0}.Release|Any CPU.Build.0 = Release|Any CPU
		{3DAE1533-0D5C-496D-8A96-7E6E9537E8B7}.Debug|Any CPU.ActiveCfg = Debug|Any CPU
		{3DAE1533-0D5C-496D-8A96-7E6E9537E8B7}.Debug|Any CPU.Build.0 = Debug|Any CPU
		{3DAE1533-0D5C-496D-8A96-7E6E9537E8B7}.Release|Any CPU.ActiveCfg = Release|Any CPU
		{3DAE1533-0D5C-496D-8A96-7E6E9537E8B7}.Release|Any CPU.Build.0 = Release|Any CPU
		{C280F5FD-3AEB-481B-99F3-3354593CB2D3}.Debug|Any CPU.ActiveCfg = Debug|Any CPU
		{C280F5FD-3AEB-481B-99F3-3354593CB2D3}.Debug|Any CPU.Build.0 = Debug|Any CPU
		{C280F5FD-3AEB-481B-99F3-3354593CB2D3}.Release|Any CPU.ActiveCfg = Release|Any CPU
		{C280F5FD-3AEB-481B-99F3-3354593CB2D3}.Release|Any CPU.Build.0 = Release|Any CPU
		{48721852-908A-4879-9C33-E0AB06F580DD}.Debug|Any CPU.ActiveCfg = Debug|Any CPU
		{48721852-908A-4879-9C33-E0AB06F580DD}.Debug|Any CPU.Build.0 = Debug|Any CPU
		{48721852-908A-4879-9C33-E0AB06F580DD}.Release|Any CPU.ActiveCfg = Release|Any CPU
		{48721852-908A-4879-9C33-E0AB06F580DD}.Release|Any CPU.Build.0 = Release|Any CPU
		{398E2F7F-5AE1-4E99-ABB7-5059E67160DA}.Debug|Any CPU.ActiveCfg = Debug|Any CPU
		{398E2F7F-5AE1-4E99-ABB7-5059E67160DA}.Debug|Any CPU.Build.0 = Debug|Any CPU
		{398E2F7F-5AE1-4E99-ABB7-5059E67160DA}.Release|Any CPU.ActiveCfg = Release|Any CPU
		{398E2F7F-5AE1-4E99-ABB7-5059E67160DA}.Release|Any CPU.Build.0 = Release|Any CPU
		{A5F51266-329F-4CD6-AFA5-787E1D4EE609}.Debug|Any CPU.ActiveCfg = Debug|Any CPU
		{A5F51266-329F-4CD6-AFA5-787E1D4EE609}.Debug|Any CPU.Build.0 = Debug|Any CPU
		{A5F51266-329F-4CD6-AFA5-787E1D4EE609}.Release|Any CPU.ActiveCfg = Release|Any CPU
		{A5F51266-329F-4CD6-AFA5-787E1D4EE609}.Release|Any CPU.Build.0 = Release|Any CPU
		{004B07D1-529C-4AE2-9890-89F6FA949641}.Debug|Any CPU.ActiveCfg = Debug|Any CPU
		{004B07D1-529C-4AE2-9890-89F6FA949641}.Debug|Any CPU.Build.0 = Debug|Any CPU
		{004B07D1-529C-4AE2-9890-89F6FA949641}.Release|Any CPU.ActiveCfg = Release|Any CPU
		{004B07D1-529C-4AE2-9890-89F6FA949641}.Release|Any CPU.Build.0 = Release|Any CPU
		{63BE0816-01C3-4316-960D-6438DFF81F37}.Debug|Any CPU.ActiveCfg = Debug|Any CPU
		{63BE0816-01C3-4316-960D-6438DFF81F37}.Debug|Any CPU.Build.0 = Debug|Any CPU
		{63BE0816-01C3-4316-960D-6438DFF81F37}.Release|Any CPU.ActiveCfg = Release|Any CPU
		{63BE0816-01C3-4316-960D-6438DFF81F37}.Release|Any CPU.Build.0 = Release|Any CPU
		{79FA9CB8-D420-4398-9DEE-893EA2FA52D3}.Debug|Any CPU.ActiveCfg = Debug|Any CPU
		{79FA9CB8-D420-4398-9DEE-893EA2FA52D3}.Debug|Any CPU.Build.0 = Debug|Any CPU
		{79FA9CB8-D420-4398-9DEE-893EA2FA52D3}.Release|Any CPU.ActiveCfg = Release|Any CPU
		{79FA9CB8-D420-4398-9DEE-893EA2FA52D3}.Release|Any CPU.Build.0 = Release|Any CPU
		{415DEBB6-C293-4085-92B1-AA39C28CEA49}.Debug|Any CPU.ActiveCfg = Debug|Any CPU
		{415DEBB6-C293-4085-92B1-AA39C28CEA49}.Debug|Any CPU.Build.0 = Debug|Any CPU
		{415DEBB6-C293-4085-92B1-AA39C28CEA49}.Release|Any CPU.ActiveCfg = Release|Any CPU
		{415DEBB6-C293-4085-92B1-AA39C28CEA49}.Release|Any CPU.Build.0 = Release|Any CPU
		{B808DCE3-5653-48B6-B10E-36512E39AA1B}.Debug|Any CPU.ActiveCfg = Debug|Any CPU
		{B808DCE3-5653-48B6-B10E-36512E39AA1B}.Debug|Any CPU.Build.0 = Debug|Any CPU
		{B808DCE3-5653-48B6-B10E-36512E39AA1B}.Release|Any CPU.ActiveCfg = Release|Any CPU
		{B808DCE3-5653-48B6-B10E-36512E39AA1B}.Release|Any CPU.Build.0 = Release|Any CPU
		{CF4FA778-3E4A-4EB2-AB75-2EC70B6318D8}.Debug|Any CPU.ActiveCfg = Debug|Any CPU
		{CF4FA778-3E4A-4EB2-AB75-2EC70B6318D8}.Debug|Any CPU.Build.0 = Debug|Any CPU
		{CF4FA778-3E4A-4EB2-AB75-2EC70B6318D8}.Release|Any CPU.ActiveCfg = Release|Any CPU
		{CF4FA778-3E4A-4EB2-AB75-2EC70B6318D8}.Release|Any CPU.Build.0 = Release|Any CPU
		{31E4E28C-3D8C-4471-8619-71D0298DD990}.Debug|Any CPU.ActiveCfg = Debug|Any CPU
		{31E4E28C-3D8C-4471-8619-71D0298DD990}.Debug|Any CPU.Build.0 = Debug|Any CPU
		{31E4E28C-3D8C-4471-8619-71D0298DD990}.Release|Any CPU.ActiveCfg = Release|Any CPU
		{31E4E28C-3D8C-4471-8619-71D0298DD990}.Release|Any CPU.Build.0 = Release|Any CPU
		{FEC3C4CC-60D7-4682-911B-4E34DEA53B59}.Debug|Any CPU.ActiveCfg = Debug|Any CPU
		{FEC3C4CC-60D7-4682-911B-4E34DEA53B59}.Debug|Any CPU.Build.0 = Debug|Any CPU
		{FEC3C4CC-60D7-4682-911B-4E34DEA53B59}.Release|Any CPU.ActiveCfg = Release|Any CPU
		{FEC3C4CC-60D7-4682-911B-4E34DEA53B59}.Release|Any CPU.Build.0 = Release|Any CPU
		{3E962DFB-0455-4951-9DD1-A471133E40B4}.Debug|Any CPU.ActiveCfg = Debug|Any CPU
		{3E962DFB-0455-4951-9DD1-A471133E40B4}.Debug|Any CPU.Build.0 = Debug|Any CPU
		{3E962DFB-0455-4951-9DD1-A471133E40B4}.Release|Any CPU.ActiveCfg = Release|Any CPU
		{3E962DFB-0455-4951-9DD1-A471133E40B4}.Release|Any CPU.Build.0 = Release|Any CPU
		{9B205701-9620-4C1E-A9DC-4943947A920C}.Debug|Any CPU.ActiveCfg = Debug|Any CPU
		{9B205701-9620-4C1E-A9DC-4943947A920C}.Debug|Any CPU.Build.0 = Debug|Any CPU
		{9B205701-9620-4C1E-A9DC-4943947A920C}.Release|Any CPU.ActiveCfg = Release|Any CPU
		{9B205701-9620-4C1E-A9DC-4943947A920C}.Release|Any CPU.Build.0 = Release|Any CPU
		{BACFFA45-A568-48F4-A73B-A7F833347F23}.Debug|Any CPU.ActiveCfg = Debug|Any CPU
		{BACFFA45-A568-48F4-A73B-A7F833347F23}.Debug|Any CPU.Build.0 = Debug|Any CPU
		{BACFFA45-A568-48F4-A73B-A7F833347F23}.Release|Any CPU.ActiveCfg = Release|Any CPU
		{BACFFA45-A568-48F4-A73B-A7F833347F23}.Release|Any CPU.Build.0 = Release|Any CPU
		{1E2492E7-FD08-4818-ACB0-CD5B6DE0A163}.Debug|Any CPU.ActiveCfg = Debug|Any CPU
		{1E2492E7-FD08-4818-ACB0-CD5B6DE0A163}.Debug|Any CPU.Build.0 = Debug|Any CPU
		{1E2492E7-FD08-4818-ACB0-CD5B6DE0A163}.Release|Any CPU.ActiveCfg = Release|Any CPU
		{1E2492E7-FD08-4818-ACB0-CD5B6DE0A163}.Release|Any CPU.Build.0 = Release|Any CPU
		{F04D033A-8377-48DD-B90C-4B4BFECEDDFE}.Debug|Any CPU.ActiveCfg = Debug|Any CPU
		{F04D033A-8377-48DD-B90C-4B4BFECEDDFE}.Debug|Any CPU.Build.0 = Debug|Any CPU
		{F04D033A-8377-48DD-B90C-4B4BFECEDDFE}.Release|Any CPU.ActiveCfg = Release|Any CPU
		{F04D033A-8377-48DD-B90C-4B4BFECEDDFE}.Release|Any CPU.Build.0 = Release|Any CPU
		{F3B36E3F-DFF1-469A-9369-09DF5A487F4F}.Debug|Any CPU.ActiveCfg = Debug|Any CPU
		{F3B36E3F-DFF1-469A-9369-09DF5A487F4F}.Debug|Any CPU.Build.0 = Debug|Any CPU
		{F3B36E3F-DFF1-469A-9369-09DF5A487F4F}.Release|Any CPU.ActiveCfg = Release|Any CPU
		{F3B36E3F-DFF1-469A-9369-09DF5A487F4F}.Release|Any CPU.Build.0 = Release|Any CPU
		{7537ABD3-B04E-4E20-8647-16E0AC83B8A1}.Debug|Any CPU.ActiveCfg = Debug|Any CPU
		{7537ABD3-B04E-4E20-8647-16E0AC83B8A1}.Debug|Any CPU.Build.0 = Debug|Any CPU
		{7537ABD3-B04E-4E20-8647-16E0AC83B8A1}.Release|Any CPU.ActiveCfg = Release|Any CPU
		{7537ABD3-B04E-4E20-8647-16E0AC83B8A1}.Release|Any CPU.Build.0 = Release|Any CPU
		{843C1270-971D-480C-9FAB-0518E2659DFF}.Debug|Any CPU.ActiveCfg = Debug|Any CPU
		{843C1270-971D-480C-9FAB-0518E2659DFF}.Debug|Any CPU.Build.0 = Debug|Any CPU
		{843C1270-971D-480C-9FAB-0518E2659DFF}.Release|Any CPU.ActiveCfg = Release|Any CPU
		{843C1270-971D-480C-9FAB-0518E2659DFF}.Release|Any CPU.Build.0 = Release|Any CPU
		{16B0D6D6-2694-4EAD-A423-AF3BBB20241F}.Debug|Any CPU.ActiveCfg = Debug|Any CPU
		{16B0D6D6-2694-4EAD-A423-AF3BBB20241F}.Debug|Any CPU.Build.0 = Debug|Any CPU
		{16B0D6D6-2694-4EAD-A423-AF3BBB20241F}.Release|Any CPU.ActiveCfg = Release|Any CPU
		{16B0D6D6-2694-4EAD-A423-AF3BBB20241F}.Release|Any CPU.Build.0 = Release|Any CPU
		{A2194104-5096-4007-88E9-EA2FA522DB31}.Debug|Any CPU.ActiveCfg = Debug|Any CPU
		{A2194104-5096-4007-88E9-EA2FA522DB31}.Debug|Any CPU.Build.0 = Debug|Any CPU
		{A2194104-5096-4007-88E9-EA2FA522DB31}.Release|Any CPU.ActiveCfg = Release|Any CPU
		{A2194104-5096-4007-88E9-EA2FA522DB31}.Release|Any CPU.Build.0 = Release|Any CPU
		{63BAD88F-20A0-4F53-B283-8F002DFBE7D3}.Debug|Any CPU.ActiveCfg = Debug|Any CPU
		{63BAD88F-20A0-4F53-B283-8F002DFBE7D3}.Debug|Any CPU.Build.0 = Debug|Any CPU
		{63BAD88F-20A0-4F53-B283-8F002DFBE7D3}.Release|Any CPU.ActiveCfg = Release|Any CPU
		{63BAD88F-20A0-4F53-B283-8F002DFBE7D3}.Release|Any CPU.Build.0 = Release|Any CPU
		{2CA33DAF-326C-4353-BF83-E14775425B9D}.Debug|Any CPU.ActiveCfg = Debug|Any CPU
		{2CA33DAF-326C-4353-BF83-E14775425B9D}.Debug|Any CPU.Build.0 = Debug|Any CPU
		{2CA33DAF-326C-4353-BF83-E14775425B9D}.Release|Any CPU.ActiveCfg = Release|Any CPU
		{2CA33DAF-326C-4353-BF83-E14775425B9D}.Release|Any CPU.Build.0 = Release|Any CPU
		{03A5D3B0-9B8D-4BA9-8A81-4CD11D7617B5}.Debug|Any CPU.ActiveCfg = Debug|Any CPU
		{03A5D3B0-9B8D-4BA9-8A81-4CD11D7617B5}.Debug|Any CPU.Build.0 = Debug|Any CPU
		{03A5D3B0-9B8D-4BA9-8A81-4CD11D7617B5}.Release|Any CPU.ActiveCfg = Release|Any CPU
		{03A5D3B0-9B8D-4BA9-8A81-4CD11D7617B5}.Release|Any CPU.Build.0 = Release|Any CPU
		{40B0C564-B7BB-4BA0-8141-37E34994C3BE}.Debug|Any CPU.ActiveCfg = Debug|Any CPU
		{40B0C564-B7BB-4BA0-8141-37E34994C3BE}.Debug|Any CPU.Build.0 = Debug|Any CPU
		{40B0C564-B7BB-4BA0-8141-37E34994C3BE}.Release|Any CPU.ActiveCfg = Release|Any CPU
		{40B0C564-B7BB-4BA0-8141-37E34994C3BE}.Release|Any CPU.Build.0 = Release|Any CPU
		{B7A76E15-E89C-4A40-A420-81E2092A2F45}.Debug|Any CPU.ActiveCfg = Debug|Any CPU
		{B7A76E15-E89C-4A40-A420-81E2092A2F45}.Debug|Any CPU.Build.0 = Debug|Any CPU
		{B7A76E15-E89C-4A40-A420-81E2092A2F45}.Release|Any CPU.ActiveCfg = Release|Any CPU
		{B7A76E15-E89C-4A40-A420-81E2092A2F45}.Release|Any CPU.Build.0 = Release|Any CPU
		{0153EFDE-2F85-4807-8348-424E756CCC77}.Debug|Any CPU.ActiveCfg = Debug|Any CPU
		{0153EFDE-2F85-4807-8348-424E756CCC77}.Debug|Any CPU.Build.0 = Debug|Any CPU
		{0153EFDE-2F85-4807-8348-424E756CCC77}.Release|Any CPU.ActiveCfg = Release|Any CPU
		{0153EFDE-2F85-4807-8348-424E756CCC77}.Release|Any CPU.Build.0 = Release|Any CPU
		{50BF24E5-6A57-4102-83C6-98BDAAF8CC50}.Debug|Any CPU.ActiveCfg = Debug|Any CPU
		{50BF24E5-6A57-4102-83C6-98BDAAF8CC50}.Debug|Any CPU.Build.0 = Debug|Any CPU
		{50BF24E5-6A57-4102-83C6-98BDAAF8CC50}.Release|Any CPU.ActiveCfg = Release|Any CPU
		{50BF24E5-6A57-4102-83C6-98BDAAF8CC50}.Release|Any CPU.Build.0 = Release|Any CPU
		{55B6489A-D295-498E-90D0-6EDF4651039B}.Debug|Any CPU.ActiveCfg = Debug|Any CPU
		{55B6489A-D295-498E-90D0-6EDF4651039B}.Debug|Any CPU.Build.0 = Debug|Any CPU
		{55B6489A-D295-498E-90D0-6EDF4651039B}.Release|Any CPU.ActiveCfg = Release|Any CPU
		{55B6489A-D295-498E-90D0-6EDF4651039B}.Release|Any CPU.Build.0 = Release|Any CPU
		{DD1FD38D-922E-4A26-87F6-326E3A1F47C4}.Debug|Any CPU.ActiveCfg = Debug|Any CPU
		{DD1FD38D-922E-4A26-87F6-326E3A1F47C4}.Debug|Any CPU.Build.0 = Debug|Any CPU
		{DD1FD38D-922E-4A26-87F6-326E3A1F47C4}.Release|Any CPU.ActiveCfg = Release|Any CPU
		{DD1FD38D-922E-4A26-87F6-326E3A1F47C4}.Release|Any CPU.Build.0 = Release|Any CPU
		{0BEA28D7-F4D9-4F87-B26A-78E0C854CCE5}.Debug|Any CPU.ActiveCfg = Debug|Any CPU
		{0BEA28D7-F4D9-4F87-B26A-78E0C854CCE5}.Debug|Any CPU.Build.0 = Debug|Any CPU
		{0BEA28D7-F4D9-4F87-B26A-78E0C854CCE5}.Release|Any CPU.ActiveCfg = Release|Any CPU
		{0BEA28D7-F4D9-4F87-B26A-78E0C854CCE5}.Release|Any CPU.Build.0 = Release|Any CPU
		{0D05240C-B3E0-441C-9968-94836EE10277}.Debug|Any CPU.ActiveCfg = Debug|Any CPU
		{0D05240C-B3E0-441C-9968-94836EE10277}.Debug|Any CPU.Build.0 = Debug|Any CPU
		{0D05240C-B3E0-441C-9968-94836EE10277}.Release|Any CPU.ActiveCfg = Release|Any CPU
		{0D05240C-B3E0-441C-9968-94836EE10277}.Release|Any CPU.Build.0 = Release|Any CPU
		{AC818C0C-A6BE-4343-9E62-17716F6B8B0B}.Debug|Any CPU.ActiveCfg = Debug|Any CPU
		{AC818C0C-A6BE-4343-9E62-17716F6B8B0B}.Debug|Any CPU.Build.0 = Debug|Any CPU
		{AC818C0C-A6BE-4343-9E62-17716F6B8B0B}.Release|Any CPU.ActiveCfg = Release|Any CPU
		{AC818C0C-A6BE-4343-9E62-17716F6B8B0B}.Release|Any CPU.Build.0 = Release|Any CPU
		{CF530618-9DD9-4468-B446-F96CB99B8D47}.Debug|Any CPU.ActiveCfg = Debug|Any CPU
		{CF530618-9DD9-4468-B446-F96CB99B8D47}.Debug|Any CPU.Build.0 = Debug|Any CPU
		{CF530618-9DD9-4468-B446-F96CB99B8D47}.Release|Any CPU.ActiveCfg = Release|Any CPU
		{CF530618-9DD9-4468-B446-F96CB99B8D47}.Release|Any CPU.Build.0 = Release|Any CPU
		{DE303F91-A8C5-46DC-83B9-03DE6E67C09D}.Debug|Any CPU.ActiveCfg = Debug|Any CPU
		{DE303F91-A8C5-46DC-83B9-03DE6E67C09D}.Debug|Any CPU.Build.0 = Debug|Any CPU
		{DE303F91-A8C5-46DC-83B9-03DE6E67C09D}.Release|Any CPU.ActiveCfg = Release|Any CPU
		{DE303F91-A8C5-46DC-83B9-03DE6E67C09D}.Release|Any CPU.Build.0 = Release|Any CPU
		{AD644A7A-D20A-43C6-A557-17BCBD6EDF7F}.Debug|Any CPU.ActiveCfg = Debug|Any CPU
		{AD644A7A-D20A-43C6-A557-17BCBD6EDF7F}.Debug|Any CPU.Build.0 = Debug|Any CPU
		{AD644A7A-D20A-43C6-A557-17BCBD6EDF7F}.Release|Any CPU.ActiveCfg = Release|Any CPU
		{AD644A7A-D20A-43C6-A557-17BCBD6EDF7F}.Release|Any CPU.Build.0 = Release|Any CPU
		{2FB16905-CCE6-48AE-B97D-D1A606DE9822}.Debug|Any CPU.ActiveCfg = Debug|Any CPU
		{2FB16905-CCE6-48AE-B97D-D1A606DE9822}.Debug|Any CPU.Build.0 = Debug|Any CPU
		{2FB16905-CCE6-48AE-B97D-D1A606DE9822}.Release|Any CPU.ActiveCfg = Release|Any CPU
		{2FB16905-CCE6-48AE-B97D-D1A606DE9822}.Release|Any CPU.Build.0 = Release|Any CPU
		{D711954C-6130-4A3E-A1BC-45FD95F0D7C2}.Debug|Any CPU.ActiveCfg = Debug|Any CPU
		{D711954C-6130-4A3E-A1BC-45FD95F0D7C2}.Debug|Any CPU.Build.0 = Debug|Any CPU
		{D711954C-6130-4A3E-A1BC-45FD95F0D7C2}.Release|Any CPU.ActiveCfg = Release|Any CPU
		{D711954C-6130-4A3E-A1BC-45FD95F0D7C2}.Release|Any CPU.Build.0 = Release|Any CPU
		{836C5D0D-BF56-4422-A536-6873D43034E9}.Debug|Any CPU.ActiveCfg = Debug|Any CPU
		{836C5D0D-BF56-4422-A536-6873D43034E9}.Debug|Any CPU.Build.0 = Debug|Any CPU
		{836C5D0D-BF56-4422-A536-6873D43034E9}.Release|Any CPU.ActiveCfg = Release|Any CPU
		{836C5D0D-BF56-4422-A536-6873D43034E9}.Release|Any CPU.Build.0 = Release|Any CPU
		{592C4868-81FE-43B2-B87C-1181355B50D1}.Debug|Any CPU.ActiveCfg = Debug|Any CPU
		{592C4868-81FE-43B2-B87C-1181355B50D1}.Debug|Any CPU.Build.0 = Debug|Any CPU
		{592C4868-81FE-43B2-B87C-1181355B50D1}.Release|Any CPU.ActiveCfg = Release|Any CPU
		{592C4868-81FE-43B2-B87C-1181355B50D1}.Release|Any CPU.Build.0 = Release|Any CPU
		{DD746A56-D1AB-4AC0-B463-89885E768D95}.Debug|Any CPU.ActiveCfg = Debug|Any CPU
		{DD746A56-D1AB-4AC0-B463-89885E768D95}.Debug|Any CPU.Build.0 = Debug|Any CPU
		{DD746A56-D1AB-4AC0-B463-89885E768D95}.Release|Any CPU.ActiveCfg = Release|Any CPU
		{DD746A56-D1AB-4AC0-B463-89885E768D95}.Release|Any CPU.Build.0 = Release|Any CPU
		{D6A35115-C723-471F-9FDA-F071283E2EEA}.Debug|Any CPU.ActiveCfg = Debug|Any CPU
		{D6A35115-C723-471F-9FDA-F071283E2EEA}.Debug|Any CPU.Build.0 = Debug|Any CPU
		{D6A35115-C723-471F-9FDA-F071283E2EEA}.Release|Any CPU.ActiveCfg = Release|Any CPU
		{D6A35115-C723-471F-9FDA-F071283E2EEA}.Release|Any CPU.Build.0 = Release|Any CPU
		{00BDA8E3-0AB0-41B5-AFC0-D433267353FC}.Debug|Any CPU.ActiveCfg = Debug|Any CPU
		{00BDA8E3-0AB0-41B5-AFC0-D433267353FC}.Debug|Any CPU.Build.0 = Debug|Any CPU
		{00BDA8E3-0AB0-41B5-AFC0-D433267353FC}.Release|Any CPU.ActiveCfg = Release|Any CPU
		{00BDA8E3-0AB0-41B5-AFC0-D433267353FC}.Release|Any CPU.Build.0 = Release|Any CPU
	EndGlobalSection
	GlobalSection(SolutionProperties) = preSolution
		HideSolutionNode = FALSE
	EndGlobalSection
	GlobalSection(NestedProjects) = preSolution
		{7626946B-8534-4F82-88D9-3C0CBAFE05BA} = {3A27463F-A2E0-4C8D-826D-B9FD59A3D715}
		{CFAF7E64-2647-4A19-B65F-DD6D6EDC5633} = {3A27463F-A2E0-4C8D-826D-B9FD59A3D715}
		{50FA8ABC-3ABB-4554-87B8-FB6BD00671A4} = {3A27463F-A2E0-4C8D-826D-B9FD59A3D715}
		{4DC11CEA-6550-4779-96FD-98241FE9A997} = {3A27463F-A2E0-4C8D-826D-B9FD59A3D715}
		{CE7F2B7D-E126-4A77-8F7B-BC0CEFCBF9D7} = {3A27463F-A2E0-4C8D-826D-B9FD59A3D715}
		{D9A17891-390C-42B3-B5F9-D0E60CA231D5} = {3A27463F-A2E0-4C8D-826D-B9FD59A3D715}
		{8B83DBFC-80BF-4AE5-AC47-34FF5FC6531F} = {3A27463F-A2E0-4C8D-826D-B9FD59A3D715}
		{5C9FA6ED-F2A6-43A8-B74D-74FEE01C1651} = {3A27463F-A2E0-4C8D-826D-B9FD59A3D715}
		{5FBB70A2-B7AB-49E7-BB53-A863717B4783} = {3A27463F-A2E0-4C8D-826D-B9FD59A3D715}
		{329FAA19-B778-4199-86E1-CA1242DFAC30} = {3A27463F-A2E0-4C8D-826D-B9FD59A3D715}
		{1679509B-FDA5-4CD9-A2EB-D0E8F1A10104} = {3A27463F-A2E0-4C8D-826D-B9FD59A3D715}
		{468F2079-0789-4D92-90C4-AF3971A03800} = {3A27463F-A2E0-4C8D-826D-B9FD59A3D715}
		{34227DDB-C410-4129-B37C-8F93BBD9C56A} = {3A27463F-A2E0-4C8D-826D-B9FD59A3D715}
		{4EC0CB72-740D-461A-8E73-5B8C0BC50A2E} = {3806EE58-E5F4-4647-95F1-4C986F57D4AD}
		{6F819A1C-73B9-4BBF-816B-0108EAB9002B} = {3806EE58-E5F4-4647-95F1-4C986F57D4AD}
		{E7B8B6F1-F626-4035-AA5D-07FA9DEC35C5} = {3806EE58-E5F4-4647-95F1-4C986F57D4AD}
		{4AB585B7-7A6D-4C97-ACFB-3E310129959D} = {3806EE58-E5F4-4647-95F1-4C986F57D4AD}
		{8570AC49-0D31-4F25-95E7-32E333E6E35B} = {3806EE58-E5F4-4647-95F1-4C986F57D4AD}
		{191DF9A4-CCC3-4156-8E89-6C8F8FA4DE91} = {3806EE58-E5F4-4647-95F1-4C986F57D4AD}
		{7F71B98E-73D2-49E9-BF1C-5EDED230D7C0} = {3806EE58-E5F4-4647-95F1-4C986F57D4AD}
		{D67216A2-38A7-4E8B-8D9F-8557DE8A3F5B} = {3806EE58-E5F4-4647-95F1-4C986F57D4AD}
		{3711AABF-B6E2-49C4-AA17-75F1BE9D13C9} = {3806EE58-E5F4-4647-95F1-4C986F57D4AD}
		{AA5D9EC9-01DE-4586-87BB-D85D046E494A} = {3806EE58-E5F4-4647-95F1-4C986F57D4AD}
		{B73A0261-872E-4914-A436-B22867A91D89} = {3806EE58-E5F4-4647-95F1-4C986F57D4AD}
		{B118F9DE-3DBE-44D6-B39E-5EEE2D0020E0} = {3806EE58-E5F4-4647-95F1-4C986F57D4AD}
		{3DAE1533-0D5C-496D-8A96-7E6E9537E8B7} = {11C8CAB6-86CA-43FF-A330-E40F9F23CADC}
		{C280F5FD-3AEB-481B-99F3-3354593CB2D3} = {11C8CAB6-86CA-43FF-A330-E40F9F23CADC}
		{48721852-908A-4879-9C33-E0AB06F580DD} = {11C8CAB6-86CA-43FF-A330-E40F9F23CADC}
		{398E2F7F-5AE1-4E99-ABB7-5059E67160DA} = {11C8CAB6-86CA-43FF-A330-E40F9F23CADC}
		{A5F51266-329F-4CD6-AFA5-787E1D4EE609} = {11C8CAB6-86CA-43FF-A330-E40F9F23CADC}
		{004B07D1-529C-4AE2-9890-89F6FA949641} = {11C8CAB6-86CA-43FF-A330-E40F9F23CADC}
		{63BE0816-01C3-4316-960D-6438DFF81F37} = {11C8CAB6-86CA-43FF-A330-E40F9F23CADC}
		{79FA9CB8-D420-4398-9DEE-893EA2FA52D3} = {11C8CAB6-86CA-43FF-A330-E40F9F23CADC}
		{415DEBB6-C293-4085-92B1-AA39C28CEA49} = {37721627-DA0A-4197-BD23-B52463B342BF}
		{B808DCE3-5653-48B6-B10E-36512E39AA1B} = {37721627-DA0A-4197-BD23-B52463B342BF}
		{CF4FA778-3E4A-4EB2-AB75-2EC70B6318D8} = {37721627-DA0A-4197-BD23-B52463B342BF}
		{31E4E28C-3D8C-4471-8619-71D0298DD990} = {37721627-DA0A-4197-BD23-B52463B342BF}
		{FEC3C4CC-60D7-4682-911B-4E34DEA53B59} = {37721627-DA0A-4197-BD23-B52463B342BF}
		{3E962DFB-0455-4951-9DD1-A471133E40B4} = {37721627-DA0A-4197-BD23-B52463B342BF}
		{9B205701-9620-4C1E-A9DC-4943947A920C} = {37721627-DA0A-4197-BD23-B52463B342BF}
		{BACFFA45-A568-48F4-A73B-A7F833347F23} = {37721627-DA0A-4197-BD23-B52463B342BF}
		{1E2492E7-FD08-4818-ACB0-CD5B6DE0A163} = {37721627-DA0A-4197-BD23-B52463B342BF}
		{F04D033A-8377-48DD-B90C-4B4BFECEDDFE} = {37721627-DA0A-4197-BD23-B52463B342BF}
		{F3B36E3F-DFF1-469A-9369-09DF5A487F4F} = {37721627-DA0A-4197-BD23-B52463B342BF}
		{7537ABD3-B04E-4E20-8647-16E0AC83B8A1} = {9D8D477F-01F6-4C2B-99DB-BD24D9F41A30}
		{843C1270-971D-480C-9FAB-0518E2659DFF} = {9D8D477F-01F6-4C2B-99DB-BD24D9F41A30}
		{16B0D6D6-2694-4EAD-A423-AF3BBB20241F} = {9D8D477F-01F6-4C2B-99DB-BD24D9F41A30}
		{A2194104-5096-4007-88E9-EA2FA522DB31} = {9D8D477F-01F6-4C2B-99DB-BD24D9F41A30}
		{63BAD88F-20A0-4F53-B283-8F002DFBE7D3} = {9D8D477F-01F6-4C2B-99DB-BD24D9F41A30}
		{2CA33DAF-326C-4353-BF83-E14775425B9D} = {9D8D477F-01F6-4C2B-99DB-BD24D9F41A30}
		{03A5D3B0-9B8D-4BA9-8A81-4CD11D7617B5} = {9D8D477F-01F6-4C2B-99DB-BD24D9F41A30}
		{40B0C564-B7BB-4BA0-8141-37E34994C3BE} = {11352F3C-C131-4D37-B9A4-E4A903238247}
		{B7A76E15-E89C-4A40-A420-81E2092A2F45} = {11352F3C-C131-4D37-B9A4-E4A903238247}
		{0153EFDE-2F85-4807-8348-424E756CCC77} = {11352F3C-C131-4D37-B9A4-E4A903238247}
		{50BF24E5-6A57-4102-83C6-98BDAAF8CC50} = {6D758661-6C49-4FB7-AF60-EFD098AEF2FA}
		{55B6489A-D295-498E-90D0-6EDF4651039B} = {6D758661-6C49-4FB7-AF60-EFD098AEF2FA}
		{DD1FD38D-922E-4A26-87F6-326E3A1F47C4} = {6D758661-6C49-4FB7-AF60-EFD098AEF2FA}
		{0BEA28D7-F4D9-4F87-B26A-78E0C854CCE5} = {6D758661-6C49-4FB7-AF60-EFD098AEF2FA}
		{0D05240C-B3E0-441C-9968-94836EE10277} = {6D758661-6C49-4FB7-AF60-EFD098AEF2FA}
		{AC818C0C-A6BE-4343-9E62-17716F6B8B0B} = {6D758661-6C49-4FB7-AF60-EFD098AEF2FA}
		{CF530618-9DD9-4468-B446-F96CB99B8D47} = {6D758661-6C49-4FB7-AF60-EFD098AEF2FA}
		{DE303F91-A8C5-46DC-83B9-03DE6E67C09D} = {35BDE75D-320B-40B5-BF58-AA5A00AC5D48}
		{AD644A7A-D20A-43C6-A557-17BCBD6EDF7F} = {35BDE75D-320B-40B5-BF58-AA5A00AC5D48}
		{2FB16905-CCE6-48AE-B97D-D1A606DE9822} = {35BDE75D-320B-40B5-BF58-AA5A00AC5D48}
		{D711954C-6130-4A3E-A1BC-45FD95F0D7C2} = {35BDE75D-320B-40B5-BF58-AA5A00AC5D48}
		{836C5D0D-BF56-4422-A536-6873D43034E9} = {48373032-8495-4946-9CC4-C6D385C3AFE0}
		{592C4868-81FE-43B2-B87C-1181355B50D1} = {48373032-8495-4946-9CC4-C6D385C3AFE0}
		{DD746A56-D1AB-4AC0-B463-89885E768D95} = {48373032-8495-4946-9CC4-C6D385C3AFE0}
		{D6A35115-C723-471F-9FDA-F071283E2EEA} = {48373032-8495-4946-9CC4-C6D385C3AFE0}
		{00BDA8E3-0AB0-41B5-AFC0-D433267353FC} = {48373032-8495-4946-9CC4-C6D385C3AFE0}
	EndGlobalSection
	GlobalSection(ExtensibilityGlobals) = postSolution
		SolutionGuid = {F1439861-67C3-4B0B-9915-3BEF6948D7AC}
	EndGlobalSection
EndGlobal
