
Microsoft Visual Studio Solution File, Format Version 12.00
# Visual Studio Version 17
VisualStudioVersion = 17.1.32421.90
MinimumVisualStudioVersion = 10.0.40219.1
Project("{2150E333-8FDC-42A3-9474-1A3956D46DE8}") = "06 Exercises Basic Syntax", "06 Exercises Basic Syntax", "{8620B710-7554-4607-B3F1-1A4E26513AF6}"
EndProject
Project("{9A19103F-16F7-4668-BE54-9A1E7A4F7556}") = "P01_Ages", "06. Exercise Basic Syntax\P01_Ages\P01_Ages.csproj", "{63FDFD9C-F1CB-4356-A78D-31BB27C15078}"
EndProject
Project("{9A19103F-16F7-4668-BE54-9A1E7A4F7556}") = "P02_Division", "06. Exercise Basic Syntax\P02_Division\P02_Division.csproj", "{9CA2BF30-3860-4B5C-B4CB-7D5407629DB3}"
EndProject
Project("{9A19103F-16F7-4668-BE54-9A1E7A4F7556}") = "P03_Vacantion", "06. Exercise Basic Syntax\P03_Vacantion\P03_Vacantion.csproj", "{E69E56F8-C460-4565-B858-CA23FA4E537B}"
EndProject
Project("{9A19103F-16F7-4668-BE54-9A1E7A4F7556}") = "P04_PrintAndSum", "06. Exercise Basic Syntax\P04_PrintAndSum\P04_PrintAndSum.csproj", "{0A14F58B-8836-4305-8E08-9588A1856AB9}"
EndProject
Project("{9A19103F-16F7-4668-BE54-9A1E7A4F7556}") = "P05_Login", "06. Exercise Basic Syntax\P05_Login\P05_Login.csproj", "{E8143813-F680-45DE-8F94-59298D76E218}"
EndProject
Project("{9A19103F-16F7-4668-BE54-9A1E7A4F7556}") = "P06_StrongNumber", "06. Exercise Basic Syntax\06_StrongNumber\P06_StrongNumber.csproj", "{2BE63B98-820B-465E-8187-C402DDFEA16A}"
EndProject
Project("{9A19103F-16F7-4668-BE54-9A1E7A4F7556}") = "P07_VendingMachine", "06. Exercise Basic Syntax\P07_VendingMachine\P07_VendingMachine.csproj", "{8D1CBDD9-8120-488C-8E4C-E7EC59A798EE}"
EndProject
Project("{9A19103F-16F7-4668-BE54-9A1E7A4F7556}") = "P08_TriangleOfNumbers", "06. Exercise Basic Syntax\P08_TriangleOfNumbers\P08_TriangleOfNumbers.csproj", "{F185FD9A-4966-4F43-A524-D72B8E5A36D1}"
EndProject
Project("{9A19103F-16F7-4668-BE54-9A1E7A4F7556}") = "P09_PadawanEquipment", "06. Exercise Basic Syntax\P09_PadawanEquipment\P09_PadawanEquipment.csproj", "{C15E0AC1-BBC1-4A99-BA92-4257B0E1D6F8}"
EndProject
Project("{9A19103F-16F7-4668-BE54-9A1E7A4F7556}") = "P10_RageExpenses", "06. Exercise Basic Syntax\P10_RageExpenses\P10_RageExpenses.csproj", "{F38834D6-00FC-4738-B62F-43458609ADF2}"
EndProject
Project("{9A19103F-16F7-4668-BE54-9A1E7A4F7556}") = "P11_Orders", "06. Exercise Basic Syntax\P11_Orders\P11_Orders.csproj", "{D4E44A6F-022D-4C29-8604-26B8FBB05728}"
EndProject
Project("{9A19103F-16F7-4668-BE54-9A1E7A4F7556}") = "PM01_SortNumbers", "06. Exercise Basic Syntax\PM01_SortNumbers\PM01_SortNumbers.csproj", "{8D45D6E7-395A-4552-9304-C6AAE5E5C036}"
EndProject
Project("{9A19103F-16F7-4668-BE54-9A1E7A4F7556}") = "PM02_EnglishNameLastDigit", "06. Exercise Basic Syntax\PM02_EnglishNameLastDigit\PM02_EnglishNameLastDigit.csproj", "{CF48E528-10F1-4B88-87EF-9126E4967DD7}"
EndProject
Project("{9A19103F-16F7-4668-BE54-9A1E7A4F7556}") = "PM03_GamingStore", "06. Exercise Basic Syntax\PM03_GamingStore\PM03_GamingStore.csproj", "{0C9DA600-730E-400F-9832-B42B2E43AC60}"
EndProject
Project("{9A19103F-16F7-4668-BE54-9A1E7A4F7556}") = "PM04_ReverseString", "06. Exercise Basic Syntax\PM04_ReverseString\PM04_ReverseString.csproj", "{E34B569D-847C-496D-A3A1-B6D6552DEC4C}"
EndProject
Project("{9A19103F-16F7-4668-BE54-9A1E7A4F7556}") = "PM05_Messages", "06. Exercise Basic Syntax\PM05_Messages\PM05_Messages.csproj", "{536EFEBC-6AF8-43E8-AC4D-6CF505599736}"
EndProject
Project("{2150E333-8FDC-42A3-9474-1A3956D46DE8}") = "09_Exercise Data Types and Variables", "09_Exercise Data Types and Variables", "{3D430B7D-3062-479D-A8D5-568D02BB4265}"
EndProject
Project("{9A19103F-16F7-4668-BE54-9A1E7A4F7556}") = "P01_IntegerOperations", "09_Exercise Data Types and Variables\P01_IntegerOperations\P01_IntegerOperations.csproj", "{DC29DB07-5717-40FC-8E19-96A452076477}"
EndProject
Project("{9A19103F-16F7-4668-BE54-9A1E7A4F7556}") = "P02_SumDigits", "09_Exercise Data Types and Variables\P02_SumDigits\P02_SumDigits.csproj", "{ED01A3CE-44CA-4ED2-9013-98442F99FDE9}"
EndProject
Project("{9A19103F-16F7-4668-BE54-9A1E7A4F7556}") = "P03_Elevator", "09_Exercise Data Types and Variables\P03_Elevator\P03_Elevator.csproj", "{50865853-2848-458B-BD6A-1B26EC3E730A}"
EndProject
Project("{9A19103F-16F7-4668-BE54-9A1E7A4F7556}") = "P04_SumOfChars", "09_Exercise Data Types and Variables\P04_SumOfChars\P04_SumOfChars.csproj", "{FD157F79-88C2-4C2A-AFD8-DADC76D543B6}"
EndProject
Project("{9A19103F-16F7-4668-BE54-9A1E7A4F7556}") = "P05. Print Part Of ASCII Table", "09_Exercise Data Types and Variables\P05. Print Part Of ASCII Table\P05. Print Part Of ASCII Table.csproj", "{2DC349C8-F235-45F2-BE79-59AA84CBA3C2}"
EndProject
Project("{9A19103F-16F7-4668-BE54-9A1E7A4F7556}") = "P06_TriplesOfLatinLetters", "09_Exercise Data Types and Variables\P06_TriplesOfLatinLetters\P06_TriplesOfLatinLetters.csproj", "{684811AD-C641-4B05-9036-2A80A932845B}"
EndProject
Project("{9A19103F-16F7-4668-BE54-9A1E7A4F7556}") = "P07_WaterOverflow", "09_Exercise Data Types and Variables\P07_WaterOverflow\P07_WaterOverflow.csproj", "{0FFBC9E0-5569-4153-B408-4C31E195F509}"
EndProject
Project("{9A19103F-16F7-4668-BE54-9A1E7A4F7556}") = "P08_BeerKegs", "09_Exercise Data Types and Variables\P08_BeerKegs\P08_BeerKegs.csproj", "{2FDBD724-7CC6-4731-A81C-BF5503C1C6D9}"
EndProject
Project("{9A19103F-16F7-4668-BE54-9A1E7A4F7556}") = "P09_SpiceMustFlow", "09_Exercise Data Types and Variables\P09_SpiceMustFlow\P09_SpiceMustFlow.csproj", "{591B2F78-3DF5-4EB4-A036-C4D842D5472C}"
EndProject
Project("{9A19103F-16F7-4668-BE54-9A1E7A4F7556}") = "P10_PokeMon", "09_Exercise Data Types and Variables\P10_PokeMon\P10_PokeMon.csproj", "{0DBC50AF-E985-47C2-83B0-9242AE5A1238}"
EndProject
Project("{9A19103F-16F7-4668-BE54-9A1E7A4F7556}") = "P11_Snowballs", "09_Exercise Data Types and Variables\P11_Snowballs\P11_Snowballs.csproj", "{478C12B3-BCBF-4E10-A85D-B5E286BC8304}"
EndProject
Project("{9A19103F-16F7-4668-BE54-9A1E7A4F7556}") = "PM01_DataTypeFinder", "09_Exercise Data Types and Variables\PM01_DataTypeFinder\PM01_DataTypeFinder.csproj", "{3B81C336-9BAC-4675-A76B-8248398B935F}"
EndProject
Project("{9A19103F-16F7-4668-BE54-9A1E7A4F7556}") = "PM02_FromLeftToTheRight", "09_Exercise Data Types and Variables\PM02_FromLeftToTheRight\PM02_FromLeftToTheRight.csproj", "{AFBC845E-CDDD-4503-AF1A-69D7DB91BC88}"
EndProject
Project("{9A19103F-16F7-4668-BE54-9A1E7A4F7556}") = "PM03_FloatingEquality", "09_Exercise Data Types and Variables\PM03_FloatingEquality\PM03_FloatingEquality.csproj", "{1E2C5716-2555-4CB2-8903-93150B07E5B1}"
EndProject
Project("{9A19103F-16F7-4668-BE54-9A1E7A4F7556}") = "PM04_RefactoringPrimeChecker", "09_Exercise Data Types and Variables\PM04_RefactoringPrimeChecker\PM04_RefactoringPrimeChecker.csproj", "{24FECB9B-4C86-4E7A-9875-817754D5BEED}"
EndProject
Project("{9A19103F-16F7-4668-BE54-9A1E7A4F7556}") = "PM05_DecryptingMessage", "09_Exercise Data Types and Variables\PM05_DecryptingMessage\PM05_DecryptingMessage.csproj", "{3E07F776-3454-4A51-80FE-0B8D6930A4F9}"
EndProject
Project("{9A19103F-16F7-4668-BE54-9A1E7A4F7556}") = "PM06_BalancedBrackets", "09_Exercise Data Types and Variables\PM06_BalancedBrackets\PM06_BalancedBrackets.csproj", "{22AE1151-84D3-48A6-914B-AFB2AE520527}"
EndProject
Project("{2150E333-8FDC-42A3-9474-1A3956D46DE8}") = "11_Exercise Arrays", "11_Exercise Arrays", "{1A6DA687-7B5D-4D77-AA35-1D2E418EE1F9}"
EndProject
Project("{9A19103F-16F7-4668-BE54-9A1E7A4F7556}") = "P01_Train", "11_Exercise Arrays\P01_Train\P01_Train.csproj", "{CA91C8CB-41DE-4AA9-85E5-3F0A759D6087}"
EndProject
Project("{9A19103F-16F7-4668-BE54-9A1E7A4F7556}") = "P02_CommonElements", "11_Exercise Arrays\P02_CommonElements\P02_CommonElements.csproj", "{35D17D93-5A38-4DA3-9C30-D70F80BA100F}"
EndProject
Project("{9A19103F-16F7-4668-BE54-9A1E7A4F7556}") = "P03_Zig-ZagArrays", "11_Exercise Arrays\P03_Zig-ZagArrays\P03_Zig-ZagArrays.csproj", "{AFF27204-8D3D-44D5-84DD-3216B067E981}"
EndProject
Project("{9A19103F-16F7-4668-BE54-9A1E7A4F7556}") = "P04_ArrayRotation", "11_Exercise Arrays\P04_ArrayRotation\P04_ArrayRotation.csproj", "{ED106CDD-0AC8-4B8F-BED8-0430BD85C419}"
EndProject
Project("{9A19103F-16F7-4668-BE54-9A1E7A4F7556}") = "P05_TopIntegers", "11_Exercise Arrays\P05_TopIntegers\P05_TopIntegers.csproj", "{5BB8E40D-68E0-484A-837E-8541AAC15F77}"
EndProject
Project("{9A19103F-16F7-4668-BE54-9A1E7A4F7556}") = "P06_EqualSum", "11_Exercise Arrays\P06_EqualSum\P06_EqualSum.csproj", "{FFB3C673-120C-48CE-B795-42E1313C9D52}"
EndProject
Project("{9A19103F-16F7-4668-BE54-9A1E7A4F7556}") = "P07_MaxSequenceOfEqualElements", "11_Exercise Arrays\P07_MaxSequenceOfEqualElements\P07_MaxSequenceOfEqualElements.csproj", "{26939C81-D559-4528-B0E4-7FBADA3075DF}"
EndProject
Project("{9A19103F-16F7-4668-BE54-9A1E7A4F7556}") = "P08_MagicSum", "11_Exercise Arrays\P08_MagicSum\P08_MagicSum.csproj", "{EA85528F-442B-4E44-923B-32A32E2C030E}"
EndProject
Project("{9A19103F-16F7-4668-BE54-9A1E7A4F7556}") = "P09_KaminoFactory", "11_Exercise Arrays\P09_KaminoFactory\P09_KaminoFactory.csproj", "{FD2F9FA5-9833-4C85-80DB-124B81835E9E}"
EndProject
Project("{9A19103F-16F7-4668-BE54-9A1E7A4F7556}") = "P10_LadyBugs", "11_Exercise Arrays\P10_LadyBugs\P10_LadyBugs.csproj", "{7B97F54D-7AD3-4EB5-90BE-7BD72ABD5E5A}"
EndProject
Project("{9A19103F-16F7-4668-BE54-9A1E7A4F7556}") = "PM01_EncryptSortAndPrintArray", "11_Exercise Arrays\PM01_EncryptSortAndPrintArray\PM01_EncryptSortAndPrintArray.csproj", "{D3F730D5-ACEA-4952-8C7F-C8E56E4C6A3B}"
EndProject
Project("{9A19103F-16F7-4668-BE54-9A1E7A4F7556}") = "PM02_PascalTriangle", "11_Exercise Arrays\PM02_PascalTriangle\PM02_PascalTriangle.csproj", "{D04352BB-941F-4854-920F-887CE9E312DB}"
EndProject
Project("{9A19103F-16F7-4668-BE54-9A1E7A4F7556}") = "PM03_RecursiveFibonacci", "11_Exercise Arrays\PM03_RecursiveFibonacci\PM03_RecursiveFibonacci.csproj", "{868F9D53-6F54-4B8F-81CD-DBA71417117D}"
EndProject
Project("{9A19103F-16F7-4668-BE54-9A1E7A4F7556}") = "PM04_FoldAndSum", "11_Exercise Arrays\PM04_FoldAndSum\PM04_FoldAndSum.csproj", "{3EAA58B5-7705-414E-98FF-F18A44FD251C}"
EndProject
Project("{2150E333-8FDC-42A3-9474-1A3956D46DE8}") = "15_Exercise Methods", "15_Exercise Methods", "{1C9F5467-E48F-4EBA-A6F5-564D9FAB90FB}"
EndProject
Project("{9A19103F-16F7-4668-BE54-9A1E7A4F7556}") = "P01_SmallestOfThreeNumbers", "15_Exercise Methods\P01_SmallestOfThreeNumbers\P01_SmallestOfThreeNumbers.csproj", "{40CD01E8-D86A-4EC0-B2AE-4E58ABBB25A6}"
EndProject
Project("{9A19103F-16F7-4668-BE54-9A1E7A4F7556}") = "P02_VowelsCount", "15_Exercise Methods\P02_VowelsCount\P02_VowelsCount.csproj", "{8B63F8D6-27E3-4A13-8CA0-A70BD02C3AB1}"
EndProject
Project("{9A19103F-16F7-4668-BE54-9A1E7A4F7556}") = "P03_CharactersInRange", "15_Exercise Methods\P03_CharactersInRange\P03_CharactersInRange.csproj", "{B06AF65D-C6FB-4BFE-A640-31A0C5300EA9}"
EndProject
Project("{9A19103F-16F7-4668-BE54-9A1E7A4F7556}") = "P04_PasswordValidator", "15_Exercise Methods\P04_PasswordValidator\P04_PasswordValidator.csproj", "{F1B4B84E-C4E2-4AE3-8C61-92103E0B81DD}"
EndProject
Project("{9A19103F-16F7-4668-BE54-9A1E7A4F7556}") = "P05_AddAndSubtract", "15_Exercise Methods\P05_AddAndSubtract\P05_AddAndSubtract.csproj", "{3D1EED0B-BA81-461D-B7D3-4E0C2CB31773}"
EndProject
Project("{9A19103F-16F7-4668-BE54-9A1E7A4F7556}") = "P06_MiddleCharacters", "15_Exercise Methods\P06_MiddleCharacters\P06_MiddleCharacters.csproj", "{64C525B5-B74F-4A09-B3D2-F176D65C0B6F}"
EndProject
Project("{9A19103F-16F7-4668-BE54-9A1E7A4F7556}") = "P07_NxNMatrix", "15_Exercise Methods\P07_NxNMatrix\P07_NxNMatrix.csproj", "{69BF1982-8C67-4D06-90F9-E68F6653D4A0}"
EndProject
Project("{9A19103F-16F7-4668-BE54-9A1E7A4F7556}") = "P08_FactorialDivision", "15_Exercise Methods\P08_FactorialDivision\P08_FactorialDivision.csproj", "{4E54C1C7-FCEB-41F2-BA21-4268EA99057A}"
EndProject
Project("{9A19103F-16F7-4668-BE54-9A1E7A4F7556}") = "P09_PalindromeIntegers", "15_Exercise Methods\P09_PalindromeIntegers\P09_PalindromeIntegers.csproj", "{1F10CDA5-B7FE-4D2E-8CE1-E482C23FF3E6}"
EndProject
Project("{9A19103F-16F7-4668-BE54-9A1E7A4F7556}") = "P10_TopNumber", "15_Exercise Methods\P10_TopNumber\P10_TopNumber.csproj", "{6B9B2A6D-C7A7-43A6-8813-5E267E58BB67}"
EndProject
Project("{9A19103F-16F7-4668-BE54-9A1E7A4F7556}") = "P11_ArrayManipulator", "15_Exercise Methods\P11_ArrayManipulator\P11_ArrayManipulator.csproj", "{986E55D1-70E5-4A6E-97F4-4D68D3C6EC42}"
EndProject
Project("{9A19103F-16F7-4668-BE54-9A1E7A4F7556}") = "PM01_DataTypes", "15_Exercise Methods\PM01_DataTypes\PM01_DataTypes.csproj", "{442748E8-7B4A-4E84-AA10-318C40CCB356}"
EndProject
Project("{9A19103F-16F7-4668-BE54-9A1E7A4F7556}") = "PM02_CenterPoint", "15_Exercise Methods\PM02_CenterPoint\PM02_CenterPoint.csproj", "{26540A6D-C320-4AD8-B3CE-9055643E6CEE}"
EndProject
Project("{9A19103F-16F7-4668-BE54-9A1E7A4F7556}") = "PM03_LongerLine", "15_Exercise Methods\PM03_LongerLine\PM03_LongerLine.csproj", "{13C447D1-4709-4F75-8927-B5D1103154AD}"
EndProject
Project("{9A19103F-16F7-4668-BE54-9A1E7A4F7556}") = "PM04_TribonacciSequence", "15_Exercise Methods\PM04_TribonacciSequence\PM04_TribonacciSequence.csproj", "{1527AD7D-D2F5-4F7A-AECD-767B6CD66341}"
EndProject
Project("{9A19103F-16F7-4668-BE54-9A1E7A4F7556}") = "PM05_MultiplicationSign", "15_Exercise Methods\PM05_MultiplicationSign\PM05_MultiplicationSign.csproj", "{C900123E-38E0-4090-A5E8-FF26EE391838}"
EndProject
Project("{2150E333-8FDC-42A3-9474-1A3956D46DE8}") = "18_Exercise List", "18_Exercise List", "{A55DCDA8-0EAF-495F-9361-6B9702711A3C}"
EndProject
Project("{9A19103F-16F7-4668-BE54-9A1E7A4F7556}") = "P01_Train", "18_Exercise List\P01_Train\P01_Train.csproj", "{DEE5DFE7-FB7C-4A98-A69E-A5F735BB16B7}"
EndProject
Project("{9A19103F-16F7-4668-BE54-9A1E7A4F7556}") = "P02_ChangeList", "18_Exercise List\P02_ChangeList\P02_ChangeList.csproj", "{D285C0D7-B7B3-4C75-8553-0DA76F13A284}"
EndProject
Project("{9A19103F-16F7-4668-BE54-9A1E7A4F7556}") = "P03_HouseParty", "18_Exercise List\P03_HouseParty\P03_HouseParty.csproj", "{E50FB57C-548D-4129-92C7-F6645672777C}"
EndProject
Project("{9A19103F-16F7-4668-BE54-9A1E7A4F7556}") = "P04_ListOperations", "18_Exercise List\P04_ListOperations\P04_ListOperations.csproj", "{51A1A1DE-80BD-4D98-84A2-7686B0CC2ABE}"
EndProject
Project("{9A19103F-16F7-4668-BE54-9A1E7A4F7556}") = "P05_BombNumbers", "18_Exercise List\P05_BombNumbers\P05_BombNumbers.csproj", "{15A0E923-4B79-4B57-B614-633A66BF5B31}"
EndProject
Project("{9A19103F-16F7-4668-BE54-9A1E7A4F7556}") = "P06_CardsGame", "18_Exercise List\P06_CardsGame\P06_CardsGame.csproj", "{1CE0F609-4DDD-4ABC-BE45-7235DD122311}"
EndProject
Project("{9A19103F-16F7-4668-BE54-9A1E7A4F7556}") = "P07_AppendArrays", "18_Exercise List\P07_AppendArrays\P07_AppendArrays.csproj", "{7EE0C4FB-B85F-4C55-99CA-D7EAC54C27A2}"
EndProject
Project("{9A19103F-16F7-4668-BE54-9A1E7A4F7556}") = "P08_AnonymousThreat", "18_Exercise List\P08_AnonymousThreat\P08_AnonymousThreat.csproj", "{D9614A20-D912-4281-BF28-B5560BD9AEF0}"
EndProject
Project("{9A19103F-16F7-4668-BE54-9A1E7A4F7556}") = "P09_PokemonDon'tGo", "18_Exercise List\P09_PokemonDon'tGo\P09_PokemonDon'tGo.csproj", "{CA927220-B127-48B6-97DD-2918792B2277}"
EndProject
Project("{9A19103F-16F7-4668-BE54-9A1E7A4F7556}") = "P10_SoftUniCoursePlanning", "18_Exercise List\P10_SoftUniCoursePlanning\P10_SoftUniCoursePlanning.csproj", "{AA465D45-8A78-40E1-8742-F271C2FECD92}"
EndProject
Project("{9A19103F-16F7-4668-BE54-9A1E7A4F7556}") = "PM01_Messaging", "18_Exercise List\PM01_Messaging\PM01_Messaging.csproj", "{259EA9F1-0343-4881-95B1-150C8604A7DE}"
EndProject
Project("{2150E333-8FDC-42A3-9474-1A3956D46DE8}") = "22_Exercise Objects and Classes", "22_Exercise Objects and Classes", "{A5E376D8-CE95-41E2-881B-19875E9EFC23}"
EndProject
Project("{9A19103F-16F7-4668-BE54-9A1E7A4F7556}") = "P01_AdvertisementMessage", "22_Exercise Objects and Classes\P01_AdvertisementMessage\P01_AdvertisementMessage.csproj", "{44813FC6-E87F-40C5-B498-EE692E3215F2}"
EndProject
Project("{9A19103F-16F7-4668-BE54-9A1E7A4F7556}") = "P02_Articles", "22_Exercise Objects and Classes\P02_Articles\P02_Articles.csproj", "{77550FD2-ED66-4B6D-8A17-486F17C54C22}"
EndProject
Project("{9A19103F-16F7-4668-BE54-9A1E7A4F7556}") = "P03_Articles2.0", "22_Exercise Objects and Classes\P03_Articles2.0\P03_Articles2.0.csproj", "{B20F1814-E2F2-46CB-8350-D5973350D46D}"
EndProject
Project("{9A19103F-16F7-4668-BE54-9A1E7A4F7556}") = "P04_Students", "22_Exercise Objects and Classes\P04_Students\P04_Students.csproj", "{FEF806C1-F0B2-4BC0-9ABC-81D7F1F6A4A5}"
EndProject
Project("{9A19103F-16F7-4668-BE54-9A1E7A4F7556}") = "P05_TeamworkProjects", "22_Exercise Objects and Classes\P05_TeamworkProjects\P05_TeamworkProjects.csproj", "{6512BDA3-C5C0-4B03-B64A-DE5D7B676694}"
EndProject
Project("{9A19103F-16F7-4668-BE54-9A1E7A4F7556}") = "P06_VehicleCatalogue", "22_Exercise Objects and Classes\P06_VehicleCatalogue\P06_VehicleCatalogue.csproj", "{D805E709-A1D6-4B6E-8FAE-1E3873AC5B2C}"
EndProject
Project("{9A19103F-16F7-4668-BE54-9A1E7A4F7556}") = "P07_OrderByAge", "22_Exercise Objects and Classes\P07_OrderByAge\P07_OrderByAge.csproj", "{01EDC316-0EAD-492E-816F-249ECBAE1EC9}"
EndProject
Project("{9A19103F-16F7-4668-BE54-9A1E7A4F7556}") = "PM01_CompanyRoster", "22_Exercise Objects and Classes\PM01_CompanyRoster\PM01_CompanyRoster.csproj", "{E78BDB58-3CF1-4045-8315-C616515A190B}"
EndProject
Project("{9A19103F-16F7-4668-BE54-9A1E7A4F7556}") = "PM02_OldestFamilyMember", "22_Exercise Objects and Classes\PM02_OldestFamilyMember\PM02_OldestFamilyMember.csproj", "{8850F8A0-C161-465F-BF45-3ED7F1C81F5D}"
EndProject
Project("{9A19103F-16F7-4668-BE54-9A1E7A4F7556}") = "PM03_SpeedRacing", "22_Exercise Objects and Classes\PM03_SpeedRacing\PM03_SpeedRacing.csproj", "{A3F54EEE-4933-4A5C-ACC4-52C130995097}"
EndProject
Project("{9A19103F-16F7-4668-BE54-9A1E7A4F7556}") = "PM04_RawData", "22_Exercise Objects and Classes\PM04_RawData\PM04_RawData.csproj", "{524D7934-CD40-471F-8FD4-29C6147FAE8E}"
EndProject
Project("{9A19103F-16F7-4668-BE54-9A1E7A4F7556}") = "PM05_ShoppingSpree", "22_Exercise Objects and Classes\PM05_ShoppingSpree\PM05_ShoppingSpree.csproj", "{F5E977F4-E2E8-42BB-9767-29F30327E0A7}"
EndProject
Project("{2150E333-8FDC-42A3-9474-1A3956D46DE8}") = "25_Exercise Associative Arrays", "25_Exercise Associative Arrays", "{4FAD77BA-2B9C-4A7D-994D-25380724AC57}"
EndProject
Project("{9A19103F-16F7-4668-BE54-9A1E7A4F7556}") = "P01_CountCharsInAString", "25_Exercise Associative Arrays\P01_CountCharsInAString\P01_CountCharsInAString.csproj", "{864F3936-C9E3-4EC6-93D1-5102B3FBCC62}"
EndProject
Project("{9A19103F-16F7-4668-BE54-9A1E7A4F7556}") = "P02_AMinerTask", "25_Exercise Associative Arrays\P02_AMinerTask\P02_AMinerTask.csproj", "{B3723348-695B-4F20-B6A6-FC12D5EBD7D7}"
EndProject
Project("{9A19103F-16F7-4668-BE54-9A1E7A4F7556}") = "P03_LegendaryFarming", "25_Exercise Associative Arrays\P03_LegendaryFarming\P03_LegendaryFarming.csproj", "{E5D92A09-B2B2-46C2-9D6F-8BF4F72C6096}"
EndProject
Project("{9A19103F-16F7-4668-BE54-9A1E7A4F7556}") = "P04_Orders", "25_Exercise Associative Arrays\P04_Orders\P04_Orders.csproj", "{7BAD3451-01B0-48A9-8E79-F7279E227D23}"
EndProject
Project("{9A19103F-16F7-4668-BE54-9A1E7A4F7556}") = "P04_SoftUniParking", "25_Exercise Associative Arrays\P04_SoftUniParking\P04_SoftUniParking.csproj", "{DEAE4D33-F70E-44F0-AD4C-31E6FE0C0811}"
EndProject
Project("{9A19103F-16F7-4668-BE54-9A1E7A4F7556}") = "P05_Courses", "25_Exercise Associative Arrays\P05_Courses\P05_Courses.csproj", "{DE5BD420-EE55-4028-9620-F64C55CFA2FF}"
EndProject
Project("{9A19103F-16F7-4668-BE54-9A1E7A4F7556}") = "P06_StudentAcademy", "25_Exercise Associative Arrays\P06_StudentAcademy\P06_StudentAcademy.csproj", "{F53432FE-B6AE-4B2F-B018-2A1B0A00D6F6}"
EndProject
Project("{9A19103F-16F7-4668-BE54-9A1E7A4F7556}") = "P07_CompanyUsers", "25_Exercise Associative Arrays\P07_CompanyUsers\P07_CompanyUsers.csproj", "{C1665CEC-D817-447D-A38D-68752622940C}"
EndProject
Project("{9A19103F-16F7-4668-BE54-9A1E7A4F7556}") = "PM01_Ranking", "25_Exercise Associative Arrays\PM01_Ranking\PM01_Ranking.csproj", "{E56F3DE6-C6CD-42C4-A9BA-862EEFB10A00}"
EndProject
Project("{9A19103F-16F7-4668-BE54-9A1E7A4F7556}") = "PM02_Judge", "25_Exercise Associative Arrays\PM02_Judge\PM02_Judge.csproj", "{BD0C86B9-03D0-49E1-9C91-86ADA96651C0}"
EndProject
Project("{9A19103F-16F7-4668-BE54-9A1E7A4F7556}") = "PM03_MOBAChallenger", "25_Exercise Associative Arrays\PM03_MOBAChallenger\PM03_MOBAChallenger.csproj", "{FE814BF8-EB97-4E40-A876-564D47F02720}"
EndProject
Project("{9A19103F-16F7-4668-BE54-9A1E7A4F7556}") = "PM04_Snowwhite", "25_Exercise Associative Arrays\PM04_Snowwhite\PM04_Snowwhite.csproj", "{B050D580-D07A-4037-A104-51BC5FC0BDE5}"
EndProject
Project("{9A19103F-16F7-4668-BE54-9A1E7A4F7556}") = "PM05_DragonArmy", "25_Exercise Associative Arrays\PM05_DragonArmy\PM05_DragonArmy.csproj", "{EA0CD3BA-CDCB-4F55-A6C1-FBA3B8E6C775}"
EndProject
Project("{2150E333-8FDC-42A3-9474-1A3956D46DE8}") = "28_Exercise Text Processing", "28_Exercise Text Processing", "{7F69EC79-C057-4F7C-972D-79CB244AA964}"
EndProject
Project("{9A19103F-16F7-4668-BE54-9A1E7A4F7556}") = "P01_ValidUsernames", "28_Exercise Text Processing\P01_ValidUsernames\P01_ValidUsernames.csproj", "{0392595B-40C6-47D9-BEEA-585E6D086762}"
EndProject
Project("{9A19103F-16F7-4668-BE54-9A1E7A4F7556}") = "P02_CharacterMultiplier", "28_Exercise Text Processing\P02_CharacterMultiplier\P02_CharacterMultiplier.csproj", "{EBFB743B-1A48-4E96-A0BE-16B5782D2D13}"
EndProject
Project("{FAE04EC0-301F-11D3-BF4B-00C04F79EFBC}") = "P03_ExtractFile", "28_Exercise Text Processing\P03_ExtractFile\P03_ExtractFile.csproj", "{D2A4A1B8-C13F-406B-9B38-C2CD2EC5E415}"
EndProject
Project("{FAE04EC0-301F-11D3-BF4B-00C04F79EFBC}") = "P04_CaesarCipher", "28_Exercise Text Processing\P04_CaesarCipher\P04_CaesarCipher.csproj", "{D1148CAD-0D05-4556-A320-2E4EFC6F0DBB}"
EndProject
Project("{FAE04EC0-301F-11D3-BF4B-00C04F79EFBC}") = "P05_MultiplyBigNumber", "28_Exercise Text Processing\P05_MultiplyBigNumber\P05_MultiplyBigNumber.csproj", "{6F8CE117-028D-476D-AD5A-2A3AA4501E7D}"
EndProject
Project("{FAE04EC0-301F-11D3-BF4B-00C04F79EFBC}") = "P06_ReplaceRepeatingChars", "28_Exercise Text Processing\P06_ReplaceRepeatingChars\P06_ReplaceRepeatingChars.csproj", "{0A485FB3-253F-4BF3-BA66-E67AA22BFE62}"
EndProject
Project("{FAE04EC0-301F-11D3-BF4B-00C04F79EFBC}") = "P07_StringExplosion", "28_Exercise Text Processing\P07_StringExplosion\P07_StringExplosion.csproj", "{D0C6FDA8-D7EC-4FFB-B2D7-69055741D5E7}"
EndProject
Project("{FAE04EC0-301F-11D3-BF4B-00C04F79EFBC}") = "P08_LettersChangeNumbers", "28_Exercise Text Processing\P08_LettersChangeNumbers\P08_LettersChangeNumbers.csproj", "{E35941F6-22FE-471C-A448-77298F79D1EA}"
EndProject
Global
	GlobalSection(SolutionConfigurationPlatforms) = preSolution
		Debug|Any CPU = Debug|Any CPU
		Release|Any CPU = Release|Any CPU
	EndGlobalSection
	GlobalSection(ProjectConfigurationPlatforms) = postSolution
		{63FDFD9C-F1CB-4356-A78D-31BB27C15078}.Debug|Any CPU.ActiveCfg = Debug|Any CPU
		{63FDFD9C-F1CB-4356-A78D-31BB27C15078}.Debug|Any CPU.Build.0 = Debug|Any CPU
		{63FDFD9C-F1CB-4356-A78D-31BB27C15078}.Release|Any CPU.ActiveCfg = Release|Any CPU
		{63FDFD9C-F1CB-4356-A78D-31BB27C15078}.Release|Any CPU.Build.0 = Release|Any CPU
		{9CA2BF30-3860-4B5C-B4CB-7D5407629DB3}.Debug|Any CPU.ActiveCfg = Debug|Any CPU
		{9CA2BF30-3860-4B5C-B4CB-7D5407629DB3}.Debug|Any CPU.Build.0 = Debug|Any CPU
		{9CA2BF30-3860-4B5C-B4CB-7D5407629DB3}.Release|Any CPU.ActiveCfg = Release|Any CPU
		{9CA2BF30-3860-4B5C-B4CB-7D5407629DB3}.Release|Any CPU.Build.0 = Release|Any CPU
		{E69E56F8-C460-4565-B858-CA23FA4E537B}.Debug|Any CPU.ActiveCfg = Debug|Any CPU
		{E69E56F8-C460-4565-B858-CA23FA4E537B}.Debug|Any CPU.Build.0 = Debug|Any CPU
		{E69E56F8-C460-4565-B858-CA23FA4E537B}.Release|Any CPU.ActiveCfg = Release|Any CPU
		{E69E56F8-C460-4565-B858-CA23FA4E537B}.Release|Any CPU.Build.0 = Release|Any CPU
		{0A14F58B-8836-4305-8E08-9588A1856AB9}.Debug|Any CPU.ActiveCfg = Debug|Any CPU
		{0A14F58B-8836-4305-8E08-9588A1856AB9}.Debug|Any CPU.Build.0 = Debug|Any CPU
		{0A14F58B-8836-4305-8E08-9588A1856AB9}.Release|Any CPU.ActiveCfg = Release|Any CPU
		{0A14F58B-8836-4305-8E08-9588A1856AB9}.Release|Any CPU.Build.0 = Release|Any CPU
		{E8143813-F680-45DE-8F94-59298D76E218}.Debug|Any CPU.ActiveCfg = Debug|Any CPU
		{E8143813-F680-45DE-8F94-59298D76E218}.Debug|Any CPU.Build.0 = Debug|Any CPU
		{E8143813-F680-45DE-8F94-59298D76E218}.Release|Any CPU.ActiveCfg = Release|Any CPU
		{E8143813-F680-45DE-8F94-59298D76E218}.Release|Any CPU.Build.0 = Release|Any CPU
		{2BE63B98-820B-465E-8187-C402DDFEA16A}.Debug|Any CPU.ActiveCfg = Debug|Any CPU
		{2BE63B98-820B-465E-8187-C402DDFEA16A}.Debug|Any CPU.Build.0 = Debug|Any CPU
		{2BE63B98-820B-465E-8187-C402DDFEA16A}.Release|Any CPU.ActiveCfg = Release|Any CPU
		{2BE63B98-820B-465E-8187-C402DDFEA16A}.Release|Any CPU.Build.0 = Release|Any CPU
		{8D1CBDD9-8120-488C-8E4C-E7EC59A798EE}.Debug|Any CPU.ActiveCfg = Debug|Any CPU
		{8D1CBDD9-8120-488C-8E4C-E7EC59A798EE}.Debug|Any CPU.Build.0 = Debug|Any CPU
		{8D1CBDD9-8120-488C-8E4C-E7EC59A798EE}.Release|Any CPU.ActiveCfg = Release|Any CPU
		{8D1CBDD9-8120-488C-8E4C-E7EC59A798EE}.Release|Any CPU.Build.0 = Release|Any CPU
		{F185FD9A-4966-4F43-A524-D72B8E5A36D1}.Debug|Any CPU.ActiveCfg = Debug|Any CPU
		{F185FD9A-4966-4F43-A524-D72B8E5A36D1}.Debug|Any CPU.Build.0 = Debug|Any CPU
		{F185FD9A-4966-4F43-A524-D72B8E5A36D1}.Release|Any CPU.ActiveCfg = Release|Any CPU
		{F185FD9A-4966-4F43-A524-D72B8E5A36D1}.Release|Any CPU.Build.0 = Release|Any CPU
		{C15E0AC1-BBC1-4A99-BA92-4257B0E1D6F8}.Debug|Any CPU.ActiveCfg = Debug|Any CPU
		{C15E0AC1-BBC1-4A99-BA92-4257B0E1D6F8}.Debug|Any CPU.Build.0 = Debug|Any CPU
		{C15E0AC1-BBC1-4A99-BA92-4257B0E1D6F8}.Release|Any CPU.ActiveCfg = Release|Any CPU
		{C15E0AC1-BBC1-4A99-BA92-4257B0E1D6F8}.Release|Any CPU.Build.0 = Release|Any CPU
		{F38834D6-00FC-4738-B62F-43458609ADF2}.Debug|Any CPU.ActiveCfg = Debug|Any CPU
		{F38834D6-00FC-4738-B62F-43458609ADF2}.Debug|Any CPU.Build.0 = Debug|Any CPU
		{F38834D6-00FC-4738-B62F-43458609ADF2}.Release|Any CPU.ActiveCfg = Release|Any CPU
		{F38834D6-00FC-4738-B62F-43458609ADF2}.Release|Any CPU.Build.0 = Release|Any CPU
		{D4E44A6F-022D-4C29-8604-26B8FBB05728}.Debug|Any CPU.ActiveCfg = Debug|Any CPU
		{D4E44A6F-022D-4C29-8604-26B8FBB05728}.Debug|Any CPU.Build.0 = Debug|Any CPU
		{D4E44A6F-022D-4C29-8604-26B8FBB05728}.Release|Any CPU.ActiveCfg = Release|Any CPU
		{D4E44A6F-022D-4C29-8604-26B8FBB05728}.Release|Any CPU.Build.0 = Release|Any CPU
		{8D45D6E7-395A-4552-9304-C6AAE5E5C036}.Debug|Any CPU.ActiveCfg = Debug|Any CPU
		{8D45D6E7-395A-4552-9304-C6AAE5E5C036}.Debug|Any CPU.Build.0 = Debug|Any CPU
		{8D45D6E7-395A-4552-9304-C6AAE5E5C036}.Release|Any CPU.ActiveCfg = Release|Any CPU
		{8D45D6E7-395A-4552-9304-C6AAE5E5C036}.Release|Any CPU.Build.0 = Release|Any CPU
		{CF48E528-10F1-4B88-87EF-9126E4967DD7}.Debug|Any CPU.ActiveCfg = Debug|Any CPU
		{CF48E528-10F1-4B88-87EF-9126E4967DD7}.Debug|Any CPU.Build.0 = Debug|Any CPU
		{CF48E528-10F1-4B88-87EF-9126E4967DD7}.Release|Any CPU.ActiveCfg = Release|Any CPU
		{CF48E528-10F1-4B88-87EF-9126E4967DD7}.Release|Any CPU.Build.0 = Release|Any CPU
		{0C9DA600-730E-400F-9832-B42B2E43AC60}.Debug|Any CPU.ActiveCfg = Debug|Any CPU
		{0C9DA600-730E-400F-9832-B42B2E43AC60}.Debug|Any CPU.Build.0 = Debug|Any CPU
		{0C9DA600-730E-400F-9832-B42B2E43AC60}.Release|Any CPU.ActiveCfg = Release|Any CPU
		{0C9DA600-730E-400F-9832-B42B2E43AC60}.Release|Any CPU.Build.0 = Release|Any CPU
		{E34B569D-847C-496D-A3A1-B6D6552DEC4C}.Debug|Any CPU.ActiveCfg = Debug|Any CPU
		{E34B569D-847C-496D-A3A1-B6D6552DEC4C}.Debug|Any CPU.Build.0 = Debug|Any CPU
		{E34B569D-847C-496D-A3A1-B6D6552DEC4C}.Release|Any CPU.ActiveCfg = Release|Any CPU
		{E34B569D-847C-496D-A3A1-B6D6552DEC4C}.Release|Any CPU.Build.0 = Release|Any CPU
		{536EFEBC-6AF8-43E8-AC4D-6CF505599736}.Debug|Any CPU.ActiveCfg = Debug|Any CPU
		{536EFEBC-6AF8-43E8-AC4D-6CF505599736}.Debug|Any CPU.Build.0 = Debug|Any CPU
		{536EFEBC-6AF8-43E8-AC4D-6CF505599736}.Release|Any CPU.ActiveCfg = Release|Any CPU
		{536EFEBC-6AF8-43E8-AC4D-6CF505599736}.Release|Any CPU.Build.0 = Release|Any CPU
		{DC29DB07-5717-40FC-8E19-96A452076477}.Debug|Any CPU.ActiveCfg = Debug|Any CPU
		{DC29DB07-5717-40FC-8E19-96A452076477}.Debug|Any CPU.Build.0 = Debug|Any CPU
		{DC29DB07-5717-40FC-8E19-96A452076477}.Release|Any CPU.ActiveCfg = Release|Any CPU
		{DC29DB07-5717-40FC-8E19-96A452076477}.Release|Any CPU.Build.0 = Release|Any CPU
		{ED01A3CE-44CA-4ED2-9013-98442F99FDE9}.Debug|Any CPU.ActiveCfg = Debug|Any CPU
		{ED01A3CE-44CA-4ED2-9013-98442F99FDE9}.Debug|Any CPU.Build.0 = Debug|Any CPU
		{ED01A3CE-44CA-4ED2-9013-98442F99FDE9}.Release|Any CPU.ActiveCfg = Release|Any CPU
		{ED01A3CE-44CA-4ED2-9013-98442F99FDE9}.Release|Any CPU.Build.0 = Release|Any CPU
		{50865853-2848-458B-BD6A-1B26EC3E730A}.Debug|Any CPU.ActiveCfg = Debug|Any CPU
		{50865853-2848-458B-BD6A-1B26EC3E730A}.Debug|Any CPU.Build.0 = Debug|Any CPU
		{50865853-2848-458B-BD6A-1B26EC3E730A}.Release|Any CPU.ActiveCfg = Release|Any CPU
		{50865853-2848-458B-BD6A-1B26EC3E730A}.Release|Any CPU.Build.0 = Release|Any CPU
		{FD157F79-88C2-4C2A-AFD8-DADC76D543B6}.Debug|Any CPU.ActiveCfg = Debug|Any CPU
		{FD157F79-88C2-4C2A-AFD8-DADC76D543B6}.Debug|Any CPU.Build.0 = Debug|Any CPU
		{FD157F79-88C2-4C2A-AFD8-DADC76D543B6}.Release|Any CPU.ActiveCfg = Release|Any CPU
		{FD157F79-88C2-4C2A-AFD8-DADC76D543B6}.Release|Any CPU.Build.0 = Release|Any CPU
		{2DC349C8-F235-45F2-BE79-59AA84CBA3C2}.Debug|Any CPU.ActiveCfg = Debug|Any CPU
		{2DC349C8-F235-45F2-BE79-59AA84CBA3C2}.Debug|Any CPU.Build.0 = Debug|Any CPU
		{2DC349C8-F235-45F2-BE79-59AA84CBA3C2}.Release|Any CPU.ActiveCfg = Release|Any CPU
		{2DC349C8-F235-45F2-BE79-59AA84CBA3C2}.Release|Any CPU.Build.0 = Release|Any CPU
		{684811AD-C641-4B05-9036-2A80A932845B}.Debug|Any CPU.ActiveCfg = Debug|Any CPU
		{684811AD-C641-4B05-9036-2A80A932845B}.Debug|Any CPU.Build.0 = Debug|Any CPU
		{684811AD-C641-4B05-9036-2A80A932845B}.Release|Any CPU.ActiveCfg = Release|Any CPU
		{684811AD-C641-4B05-9036-2A80A932845B}.Release|Any CPU.Build.0 = Release|Any CPU
		{0FFBC9E0-5569-4153-B408-4C31E195F509}.Debug|Any CPU.ActiveCfg = Debug|Any CPU
		{0FFBC9E0-5569-4153-B408-4C31E195F509}.Debug|Any CPU.Build.0 = Debug|Any CPU
		{0FFBC9E0-5569-4153-B408-4C31E195F509}.Release|Any CPU.ActiveCfg = Release|Any CPU
		{0FFBC9E0-5569-4153-B408-4C31E195F509}.Release|Any CPU.Build.0 = Release|Any CPU
		{2FDBD724-7CC6-4731-A81C-BF5503C1C6D9}.Debug|Any CPU.ActiveCfg = Debug|Any CPU
		{2FDBD724-7CC6-4731-A81C-BF5503C1C6D9}.Debug|Any CPU.Build.0 = Debug|Any CPU
		{2FDBD724-7CC6-4731-A81C-BF5503C1C6D9}.Release|Any CPU.ActiveCfg = Release|Any CPU
		{2FDBD724-7CC6-4731-A81C-BF5503C1C6D9}.Release|Any CPU.Build.0 = Release|Any CPU
		{591B2F78-3DF5-4EB4-A036-C4D842D5472C}.Debug|Any CPU.ActiveCfg = Debug|Any CPU
		{591B2F78-3DF5-4EB4-A036-C4D842D5472C}.Debug|Any CPU.Build.0 = Debug|Any CPU
		{591B2F78-3DF5-4EB4-A036-C4D842D5472C}.Release|Any CPU.ActiveCfg = Release|Any CPU
		{591B2F78-3DF5-4EB4-A036-C4D842D5472C}.Release|Any CPU.Build.0 = Release|Any CPU
		{0DBC50AF-E985-47C2-83B0-9242AE5A1238}.Debug|Any CPU.ActiveCfg = Debug|Any CPU
		{0DBC50AF-E985-47C2-83B0-9242AE5A1238}.Debug|Any CPU.Build.0 = Debug|Any CPU
		{0DBC50AF-E985-47C2-83B0-9242AE5A1238}.Release|Any CPU.ActiveCfg = Release|Any CPU
		{0DBC50AF-E985-47C2-83B0-9242AE5A1238}.Release|Any CPU.Build.0 = Release|Any CPU
		{478C12B3-BCBF-4E10-A85D-B5E286BC8304}.Debug|Any CPU.ActiveCfg = Debug|Any CPU
		{478C12B3-BCBF-4E10-A85D-B5E286BC8304}.Debug|Any CPU.Build.0 = Debug|Any CPU
		{478C12B3-BCBF-4E10-A85D-B5E286BC8304}.Release|Any CPU.ActiveCfg = Release|Any CPU
		{478C12B3-BCBF-4E10-A85D-B5E286BC8304}.Release|Any CPU.Build.0 = Release|Any CPU
		{3B81C336-9BAC-4675-A76B-8248398B935F}.Debug|Any CPU.ActiveCfg = Debug|Any CPU
		{3B81C336-9BAC-4675-A76B-8248398B935F}.Debug|Any CPU.Build.0 = Debug|Any CPU
		{3B81C336-9BAC-4675-A76B-8248398B935F}.Release|Any CPU.ActiveCfg = Release|Any CPU
		{3B81C336-9BAC-4675-A76B-8248398B935F}.Release|Any CPU.Build.0 = Release|Any CPU
		{AFBC845E-CDDD-4503-AF1A-69D7DB91BC88}.Debug|Any CPU.ActiveCfg = Debug|Any CPU
		{AFBC845E-CDDD-4503-AF1A-69D7DB91BC88}.Debug|Any CPU.Build.0 = Debug|Any CPU
		{AFBC845E-CDDD-4503-AF1A-69D7DB91BC88}.Release|Any CPU.ActiveCfg = Release|Any CPU
		{AFBC845E-CDDD-4503-AF1A-69D7DB91BC88}.Release|Any CPU.Build.0 = Release|Any CPU
		{1E2C5716-2555-4CB2-8903-93150B07E5B1}.Debug|Any CPU.ActiveCfg = Debug|Any CPU
		{1E2C5716-2555-4CB2-8903-93150B07E5B1}.Debug|Any CPU.Build.0 = Debug|Any CPU
		{1E2C5716-2555-4CB2-8903-93150B07E5B1}.Release|Any CPU.ActiveCfg = Release|Any CPU
		{1E2C5716-2555-4CB2-8903-93150B07E5B1}.Release|Any CPU.Build.0 = Release|Any CPU
		{24FECB9B-4C86-4E7A-9875-817754D5BEED}.Debug|Any CPU.ActiveCfg = Debug|Any CPU
		{24FECB9B-4C86-4E7A-9875-817754D5BEED}.Debug|Any CPU.Build.0 = Debug|Any CPU
		{24FECB9B-4C86-4E7A-9875-817754D5BEED}.Release|Any CPU.ActiveCfg = Release|Any CPU
		{24FECB9B-4C86-4E7A-9875-817754D5BEED}.Release|Any CPU.Build.0 = Release|Any CPU
		{3E07F776-3454-4A51-80FE-0B8D6930A4F9}.Debug|Any CPU.ActiveCfg = Debug|Any CPU
		{3E07F776-3454-4A51-80FE-0B8D6930A4F9}.Debug|Any CPU.Build.0 = Debug|Any CPU
		{3E07F776-3454-4A51-80FE-0B8D6930A4F9}.Release|Any CPU.ActiveCfg = Release|Any CPU
		{3E07F776-3454-4A51-80FE-0B8D6930A4F9}.Release|Any CPU.Build.0 = Release|Any CPU
		{22AE1151-84D3-48A6-914B-AFB2AE520527}.Debug|Any CPU.ActiveCfg = Debug|Any CPU
		{22AE1151-84D3-48A6-914B-AFB2AE520527}.Debug|Any CPU.Build.0 = Debug|Any CPU
		{22AE1151-84D3-48A6-914B-AFB2AE520527}.Release|Any CPU.ActiveCfg = Release|Any CPU
		{22AE1151-84D3-48A6-914B-AFB2AE520527}.Release|Any CPU.Build.0 = Release|Any CPU
		{CA91C8CB-41DE-4AA9-85E5-3F0A759D6087}.Debug|Any CPU.ActiveCfg = Debug|Any CPU
		{CA91C8CB-41DE-4AA9-85E5-3F0A759D6087}.Debug|Any CPU.Build.0 = Debug|Any CPU
		{CA91C8CB-41DE-4AA9-85E5-3F0A759D6087}.Release|Any CPU.ActiveCfg = Release|Any CPU
		{CA91C8CB-41DE-4AA9-85E5-3F0A759D6087}.Release|Any CPU.Build.0 = Release|Any CPU
		{35D17D93-5A38-4DA3-9C30-D70F80BA100F}.Debug|Any CPU.ActiveCfg = Debug|Any CPU
		{35D17D93-5A38-4DA3-9C30-D70F80BA100F}.Debug|Any CPU.Build.0 = Debug|Any CPU
		{35D17D93-5A38-4DA3-9C30-D70F80BA100F}.Release|Any CPU.ActiveCfg = Release|Any CPU
		{35D17D93-5A38-4DA3-9C30-D70F80BA100F}.Release|Any CPU.Build.0 = Release|Any CPU
		{AFF27204-8D3D-44D5-84DD-3216B067E981}.Debug|Any CPU.ActiveCfg = Debug|Any CPU
		{AFF27204-8D3D-44D5-84DD-3216B067E981}.Debug|Any CPU.Build.0 = Debug|Any CPU
		{AFF27204-8D3D-44D5-84DD-3216B067E981}.Release|Any CPU.ActiveCfg = Release|Any CPU
		{AFF27204-8D3D-44D5-84DD-3216B067E981}.Release|Any CPU.Build.0 = Release|Any CPU
		{ED106CDD-0AC8-4B8F-BED8-0430BD85C419}.Debug|Any CPU.ActiveCfg = Debug|Any CPU
		{ED106CDD-0AC8-4B8F-BED8-0430BD85C419}.Debug|Any CPU.Build.0 = Debug|Any CPU
		{ED106CDD-0AC8-4B8F-BED8-0430BD85C419}.Release|Any CPU.ActiveCfg = Release|Any CPU
		{ED106CDD-0AC8-4B8F-BED8-0430BD85C419}.Release|Any CPU.Build.0 = Release|Any CPU
		{5BB8E40D-68E0-484A-837E-8541AAC15F77}.Debug|Any CPU.ActiveCfg = Debug|Any CPU
		{5BB8E40D-68E0-484A-837E-8541AAC15F77}.Debug|Any CPU.Build.0 = Debug|Any CPU
		{5BB8E40D-68E0-484A-837E-8541AAC15F77}.Release|Any CPU.ActiveCfg = Release|Any CPU
		{5BB8E40D-68E0-484A-837E-8541AAC15F77}.Release|Any CPU.Build.0 = Release|Any CPU
		{FFB3C673-120C-48CE-B795-42E1313C9D52}.Debug|Any CPU.ActiveCfg = Debug|Any CPU
		{FFB3C673-120C-48CE-B795-42E1313C9D52}.Debug|Any CPU.Build.0 = Debug|Any CPU
		{FFB3C673-120C-48CE-B795-42E1313C9D52}.Release|Any CPU.ActiveCfg = Release|Any CPU
		{FFB3C673-120C-48CE-B795-42E1313C9D52}.Release|Any CPU.Build.0 = Release|Any CPU
		{26939C81-D559-4528-B0E4-7FBADA3075DF}.Debug|Any CPU.ActiveCfg = Debug|Any CPU
		{26939C81-D559-4528-B0E4-7FBADA3075DF}.Debug|Any CPU.Build.0 = Debug|Any CPU
		{26939C81-D559-4528-B0E4-7FBADA3075DF}.Release|Any CPU.ActiveCfg = Release|Any CPU
		{26939C81-D559-4528-B0E4-7FBADA3075DF}.Release|Any CPU.Build.0 = Release|Any CPU
		{EA85528F-442B-4E44-923B-32A32E2C030E}.Debug|Any CPU.ActiveCfg = Debug|Any CPU
		{EA85528F-442B-4E44-923B-32A32E2C030E}.Debug|Any CPU.Build.0 = Debug|Any CPU
		{EA85528F-442B-4E44-923B-32A32E2C030E}.Release|Any CPU.ActiveCfg = Release|Any CPU
		{EA85528F-442B-4E44-923B-32A32E2C030E}.Release|Any CPU.Build.0 = Release|Any CPU
		{FD2F9FA5-9833-4C85-80DB-124B81835E9E}.Debug|Any CPU.ActiveCfg = Debug|Any CPU
		{FD2F9FA5-9833-4C85-80DB-124B81835E9E}.Debug|Any CPU.Build.0 = Debug|Any CPU
		{FD2F9FA5-9833-4C85-80DB-124B81835E9E}.Release|Any CPU.ActiveCfg = Release|Any CPU
		{FD2F9FA5-9833-4C85-80DB-124B81835E9E}.Release|Any CPU.Build.0 = Release|Any CPU
		{7B97F54D-7AD3-4EB5-90BE-7BD72ABD5E5A}.Debug|Any CPU.ActiveCfg = Debug|Any CPU
		{7B97F54D-7AD3-4EB5-90BE-7BD72ABD5E5A}.Debug|Any CPU.Build.0 = Debug|Any CPU
		{7B97F54D-7AD3-4EB5-90BE-7BD72ABD5E5A}.Release|Any CPU.ActiveCfg = Release|Any CPU
		{7B97F54D-7AD3-4EB5-90BE-7BD72ABD5E5A}.Release|Any CPU.Build.0 = Release|Any CPU
		{D3F730D5-ACEA-4952-8C7F-C8E56E4C6A3B}.Debug|Any CPU.ActiveCfg = Debug|Any CPU
		{D3F730D5-ACEA-4952-8C7F-C8E56E4C6A3B}.Debug|Any CPU.Build.0 = Debug|Any CPU
		{D3F730D5-ACEA-4952-8C7F-C8E56E4C6A3B}.Release|Any CPU.ActiveCfg = Release|Any CPU
		{D3F730D5-ACEA-4952-8C7F-C8E56E4C6A3B}.Release|Any CPU.Build.0 = Release|Any CPU
		{D04352BB-941F-4854-920F-887CE9E312DB}.Debug|Any CPU.ActiveCfg = Debug|Any CPU
		{D04352BB-941F-4854-920F-887CE9E312DB}.Debug|Any CPU.Build.0 = Debug|Any CPU
		{D04352BB-941F-4854-920F-887CE9E312DB}.Release|Any CPU.ActiveCfg = Release|Any CPU
		{D04352BB-941F-4854-920F-887CE9E312DB}.Release|Any CPU.Build.0 = Release|Any CPU
		{868F9D53-6F54-4B8F-81CD-DBA71417117D}.Debug|Any CPU.ActiveCfg = Debug|Any CPU
		{868F9D53-6F54-4B8F-81CD-DBA71417117D}.Debug|Any CPU.Build.0 = Debug|Any CPU
		{868F9D53-6F54-4B8F-81CD-DBA71417117D}.Release|Any CPU.ActiveCfg = Release|Any CPU
		{868F9D53-6F54-4B8F-81CD-DBA71417117D}.Release|Any CPU.Build.0 = Release|Any CPU
		{3EAA58B5-7705-414E-98FF-F18A44FD251C}.Debug|Any CPU.ActiveCfg = Debug|Any CPU
		{3EAA58B5-7705-414E-98FF-F18A44FD251C}.Debug|Any CPU.Build.0 = Debug|Any CPU
		{3EAA58B5-7705-414E-98FF-F18A44FD251C}.Release|Any CPU.ActiveCfg = Release|Any CPU
		{3EAA58B5-7705-414E-98FF-F18A44FD251C}.Release|Any CPU.Build.0 = Release|Any CPU
		{40CD01E8-D86A-4EC0-B2AE-4E58ABBB25A6}.Debug|Any CPU.ActiveCfg = Debug|Any CPU
		{40CD01E8-D86A-4EC0-B2AE-4E58ABBB25A6}.Debug|Any CPU.Build.0 = Debug|Any CPU
		{40CD01E8-D86A-4EC0-B2AE-4E58ABBB25A6}.Release|Any CPU.ActiveCfg = Release|Any CPU
		{40CD01E8-D86A-4EC0-B2AE-4E58ABBB25A6}.Release|Any CPU.Build.0 = Release|Any CPU
		{8B63F8D6-27E3-4A13-8CA0-A70BD02C3AB1}.Debug|Any CPU.ActiveCfg = Debug|Any CPU
		{8B63F8D6-27E3-4A13-8CA0-A70BD02C3AB1}.Debug|Any CPU.Build.0 = Debug|Any CPU
		{8B63F8D6-27E3-4A13-8CA0-A70BD02C3AB1}.Release|Any CPU.ActiveCfg = Release|Any CPU
		{8B63F8D6-27E3-4A13-8CA0-A70BD02C3AB1}.Release|Any CPU.Build.0 = Release|Any CPU
		{B06AF65D-C6FB-4BFE-A640-31A0C5300EA9}.Debug|Any CPU.ActiveCfg = Debug|Any CPU
		{B06AF65D-C6FB-4BFE-A640-31A0C5300EA9}.Debug|Any CPU.Build.0 = Debug|Any CPU
		{B06AF65D-C6FB-4BFE-A640-31A0C5300EA9}.Release|Any CPU.ActiveCfg = Release|Any CPU
		{B06AF65D-C6FB-4BFE-A640-31A0C5300EA9}.Release|Any CPU.Build.0 = Release|Any CPU
		{F1B4B84E-C4E2-4AE3-8C61-92103E0B81DD}.Debug|Any CPU.ActiveCfg = Debug|Any CPU
		{F1B4B84E-C4E2-4AE3-8C61-92103E0B81DD}.Debug|Any CPU.Build.0 = Debug|Any CPU
		{F1B4B84E-C4E2-4AE3-8C61-92103E0B81DD}.Release|Any CPU.ActiveCfg = Release|Any CPU
		{F1B4B84E-C4E2-4AE3-8C61-92103E0B81DD}.Release|Any CPU.Build.0 = Release|Any CPU
		{3D1EED0B-BA81-461D-B7D3-4E0C2CB31773}.Debug|Any CPU.ActiveCfg = Debug|Any CPU
		{3D1EED0B-BA81-461D-B7D3-4E0C2CB31773}.Debug|Any CPU.Build.0 = Debug|Any CPU
		{3D1EED0B-BA81-461D-B7D3-4E0C2CB31773}.Release|Any CPU.ActiveCfg = Release|Any CPU
		{3D1EED0B-BA81-461D-B7D3-4E0C2CB31773}.Release|Any CPU.Build.0 = Release|Any CPU
		{64C525B5-B74F-4A09-B3D2-F176D65C0B6F}.Debug|Any CPU.ActiveCfg = Debug|Any CPU
		{64C525B5-B74F-4A09-B3D2-F176D65C0B6F}.Debug|Any CPU.Build.0 = Debug|Any CPU
		{64C525B5-B74F-4A09-B3D2-F176D65C0B6F}.Release|Any CPU.ActiveCfg = Release|Any CPU
		{64C525B5-B74F-4A09-B3D2-F176D65C0B6F}.Release|Any CPU.Build.0 = Release|Any CPU
		{69BF1982-8C67-4D06-90F9-E68F6653D4A0}.Debug|Any CPU.ActiveCfg = Debug|Any CPU
		{69BF1982-8C67-4D06-90F9-E68F6653D4A0}.Debug|Any CPU.Build.0 = Debug|Any CPU
		{69BF1982-8C67-4D06-90F9-E68F6653D4A0}.Release|Any CPU.ActiveCfg = Release|Any CPU
		{69BF1982-8C67-4D06-90F9-E68F6653D4A0}.Release|Any CPU.Build.0 = Release|Any CPU
		{4E54C1C7-FCEB-41F2-BA21-4268EA99057A}.Debug|Any CPU.ActiveCfg = Debug|Any CPU
		{4E54C1C7-FCEB-41F2-BA21-4268EA99057A}.Debug|Any CPU.Build.0 = Debug|Any CPU
		{4E54C1C7-FCEB-41F2-BA21-4268EA99057A}.Release|Any CPU.ActiveCfg = Release|Any CPU
		{4E54C1C7-FCEB-41F2-BA21-4268EA99057A}.Release|Any CPU.Build.0 = Release|Any CPU
		{1F10CDA5-B7FE-4D2E-8CE1-E482C23FF3E6}.Debug|Any CPU.ActiveCfg = Debug|Any CPU
		{1F10CDA5-B7FE-4D2E-8CE1-E482C23FF3E6}.Debug|Any CPU.Build.0 = Debug|Any CPU
		{1F10CDA5-B7FE-4D2E-8CE1-E482C23FF3E6}.Release|Any CPU.ActiveCfg = Release|Any CPU
		{1F10CDA5-B7FE-4D2E-8CE1-E482C23FF3E6}.Release|Any CPU.Build.0 = Release|Any CPU
		{6B9B2A6D-C7A7-43A6-8813-5E267E58BB67}.Debug|Any CPU.ActiveCfg = Debug|Any CPU
		{6B9B2A6D-C7A7-43A6-8813-5E267E58BB67}.Debug|Any CPU.Build.0 = Debug|Any CPU
		{6B9B2A6D-C7A7-43A6-8813-5E267E58BB67}.Release|Any CPU.ActiveCfg = Release|Any CPU
		{6B9B2A6D-C7A7-43A6-8813-5E267E58BB67}.Release|Any CPU.Build.0 = Release|Any CPU
		{986E55D1-70E5-4A6E-97F4-4D68D3C6EC42}.Debug|Any CPU.ActiveCfg = Debug|Any CPU
		{986E55D1-70E5-4A6E-97F4-4D68D3C6EC42}.Debug|Any CPU.Build.0 = Debug|Any CPU
		{986E55D1-70E5-4A6E-97F4-4D68D3C6EC42}.Release|Any CPU.ActiveCfg = Release|Any CPU
		{986E55D1-70E5-4A6E-97F4-4D68D3C6EC42}.Release|Any CPU.Build.0 = Release|Any CPU
		{442748E8-7B4A-4E84-AA10-318C40CCB356}.Debug|Any CPU.ActiveCfg = Debug|Any CPU
		{442748E8-7B4A-4E84-AA10-318C40CCB356}.Debug|Any CPU.Build.0 = Debug|Any CPU
		{442748E8-7B4A-4E84-AA10-318C40CCB356}.Release|Any CPU.ActiveCfg = Release|Any CPU
		{442748E8-7B4A-4E84-AA10-318C40CCB356}.Release|Any CPU.Build.0 = Release|Any CPU
		{26540A6D-C320-4AD8-B3CE-9055643E6CEE}.Debug|Any CPU.ActiveCfg = Debug|Any CPU
		{26540A6D-C320-4AD8-B3CE-9055643E6CEE}.Debug|Any CPU.Build.0 = Debug|Any CPU
		{26540A6D-C320-4AD8-B3CE-9055643E6CEE}.Release|Any CPU.ActiveCfg = Release|Any CPU
		{26540A6D-C320-4AD8-B3CE-9055643E6CEE}.Release|Any CPU.Build.0 = Release|Any CPU
		{13C447D1-4709-4F75-8927-B5D1103154AD}.Debug|Any CPU.ActiveCfg = Debug|Any CPU
		{13C447D1-4709-4F75-8927-B5D1103154AD}.Debug|Any CPU.Build.0 = Debug|Any CPU
		{13C447D1-4709-4F75-8927-B5D1103154AD}.Release|Any CPU.ActiveCfg = Release|Any CPU
		{13C447D1-4709-4F75-8927-B5D1103154AD}.Release|Any CPU.Build.0 = Release|Any CPU
		{1527AD7D-D2F5-4F7A-AECD-767B6CD66341}.Debug|Any CPU.ActiveCfg = Debug|Any CPU
		{1527AD7D-D2F5-4F7A-AECD-767B6CD66341}.Debug|Any CPU.Build.0 = Debug|Any CPU
		{1527AD7D-D2F5-4F7A-AECD-767B6CD66341}.Release|Any CPU.ActiveCfg = Release|Any CPU
		{1527AD7D-D2F5-4F7A-AECD-767B6CD66341}.Release|Any CPU.Build.0 = Release|Any CPU
		{C900123E-38E0-4090-A5E8-FF26EE391838}.Debug|Any CPU.ActiveCfg = Debug|Any CPU
		{C900123E-38E0-4090-A5E8-FF26EE391838}.Debug|Any CPU.Build.0 = Debug|Any CPU
		{C900123E-38E0-4090-A5E8-FF26EE391838}.Release|Any CPU.ActiveCfg = Release|Any CPU
		{C900123E-38E0-4090-A5E8-FF26EE391838}.Release|Any CPU.Build.0 = Release|Any CPU
		{DEE5DFE7-FB7C-4A98-A69E-A5F735BB16B7}.Debug|Any CPU.ActiveCfg = Debug|Any CPU
		{DEE5DFE7-FB7C-4A98-A69E-A5F735BB16B7}.Debug|Any CPU.Build.0 = Debug|Any CPU
		{DEE5DFE7-FB7C-4A98-A69E-A5F735BB16B7}.Release|Any CPU.ActiveCfg = Release|Any CPU
		{DEE5DFE7-FB7C-4A98-A69E-A5F735BB16B7}.Release|Any CPU.Build.0 = Release|Any CPU
		{D285C0D7-B7B3-4C75-8553-0DA76F13A284}.Debug|Any CPU.ActiveCfg = Debug|Any CPU
		{D285C0D7-B7B3-4C75-8553-0DA76F13A284}.Debug|Any CPU.Build.0 = Debug|Any CPU
		{D285C0D7-B7B3-4C75-8553-0DA76F13A284}.Release|Any CPU.ActiveCfg = Release|Any CPU
		{D285C0D7-B7B3-4C75-8553-0DA76F13A284}.Release|Any CPU.Build.0 = Release|Any CPU
		{E50FB57C-548D-4129-92C7-F6645672777C}.Debug|Any CPU.ActiveCfg = Debug|Any CPU
		{E50FB57C-548D-4129-92C7-F6645672777C}.Debug|Any CPU.Build.0 = Debug|Any CPU
		{E50FB57C-548D-4129-92C7-F6645672777C}.Release|Any CPU.ActiveCfg = Release|Any CPU
		{E50FB57C-548D-4129-92C7-F6645672777C}.Release|Any CPU.Build.0 = Release|Any CPU
		{51A1A1DE-80BD-4D98-84A2-7686B0CC2ABE}.Debug|Any CPU.ActiveCfg = Debug|Any CPU
		{51A1A1DE-80BD-4D98-84A2-7686B0CC2ABE}.Debug|Any CPU.Build.0 = Debug|Any CPU
		{51A1A1DE-80BD-4D98-84A2-7686B0CC2ABE}.Release|Any CPU.ActiveCfg = Release|Any CPU
		{51A1A1DE-80BD-4D98-84A2-7686B0CC2ABE}.Release|Any CPU.Build.0 = Release|Any CPU
		{15A0E923-4B79-4B57-B614-633A66BF5B31}.Debug|Any CPU.ActiveCfg = Debug|Any CPU
		{15A0E923-4B79-4B57-B614-633A66BF5B31}.Debug|Any CPU.Build.0 = Debug|Any CPU
		{15A0E923-4B79-4B57-B614-633A66BF5B31}.Release|Any CPU.ActiveCfg = Release|Any CPU
		{15A0E923-4B79-4B57-B614-633A66BF5B31}.Release|Any CPU.Build.0 = Release|Any CPU
		{1CE0F609-4DDD-4ABC-BE45-7235DD122311}.Debug|Any CPU.ActiveCfg = Debug|Any CPU
		{1CE0F609-4DDD-4ABC-BE45-7235DD122311}.Debug|Any CPU.Build.0 = Debug|Any CPU
		{1CE0F609-4DDD-4ABC-BE45-7235DD122311}.Release|Any CPU.ActiveCfg = Release|Any CPU
		{1CE0F609-4DDD-4ABC-BE45-7235DD122311}.Release|Any CPU.Build.0 = Release|Any CPU
		{7EE0C4FB-B85F-4C55-99CA-D7EAC54C27A2}.Debug|Any CPU.ActiveCfg = Debug|Any CPU
		{7EE0C4FB-B85F-4C55-99CA-D7EAC54C27A2}.Debug|Any CPU.Build.0 = Debug|Any CPU
		{7EE0C4FB-B85F-4C55-99CA-D7EAC54C27A2}.Release|Any CPU.ActiveCfg = Release|Any CPU
		{7EE0C4FB-B85F-4C55-99CA-D7EAC54C27A2}.Release|Any CPU.Build.0 = Release|Any CPU
		{D9614A20-D912-4281-BF28-B5560BD9AEF0}.Debug|Any CPU.ActiveCfg = Debug|Any CPU
		{D9614A20-D912-4281-BF28-B5560BD9AEF0}.Debug|Any CPU.Build.0 = Debug|Any CPU
		{D9614A20-D912-4281-BF28-B5560BD9AEF0}.Release|Any CPU.ActiveCfg = Release|Any CPU
		{D9614A20-D912-4281-BF28-B5560BD9AEF0}.Release|Any CPU.Build.0 = Release|Any CPU
		{CA927220-B127-48B6-97DD-2918792B2277}.Debug|Any CPU.ActiveCfg = Debug|Any CPU
		{CA927220-B127-48B6-97DD-2918792B2277}.Debug|Any CPU.Build.0 = Debug|Any CPU
		{CA927220-B127-48B6-97DD-2918792B2277}.Release|Any CPU.ActiveCfg = Release|Any CPU
		{CA927220-B127-48B6-97DD-2918792B2277}.Release|Any CPU.Build.0 = Release|Any CPU
		{AA465D45-8A78-40E1-8742-F271C2FECD92}.Debug|Any CPU.ActiveCfg = Debug|Any CPU
		{AA465D45-8A78-40E1-8742-F271C2FECD92}.Debug|Any CPU.Build.0 = Debug|Any CPU
		{AA465D45-8A78-40E1-8742-F271C2FECD92}.Release|Any CPU.ActiveCfg = Release|Any CPU
		{AA465D45-8A78-40E1-8742-F271C2FECD92}.Release|Any CPU.Build.0 = Release|Any CPU
		{259EA9F1-0343-4881-95B1-150C8604A7DE}.Debug|Any CPU.ActiveCfg = Debug|Any CPU
		{259EA9F1-0343-4881-95B1-150C8604A7DE}.Debug|Any CPU.Build.0 = Debug|Any CPU
		{259EA9F1-0343-4881-95B1-150C8604A7DE}.Release|Any CPU.ActiveCfg = Release|Any CPU
		{259EA9F1-0343-4881-95B1-150C8604A7DE}.Release|Any CPU.Build.0 = Release|Any CPU
		{44813FC6-E87F-40C5-B498-EE692E3215F2}.Debug|Any CPU.ActiveCfg = Debug|Any CPU
		{44813FC6-E87F-40C5-B498-EE692E3215F2}.Debug|Any CPU.Build.0 = Debug|Any CPU
		{44813FC6-E87F-40C5-B498-EE692E3215F2}.Release|Any CPU.ActiveCfg = Release|Any CPU
		{44813FC6-E87F-40C5-B498-EE692E3215F2}.Release|Any CPU.Build.0 = Release|Any CPU
		{77550FD2-ED66-4B6D-8A17-486F17C54C22}.Debug|Any CPU.ActiveCfg = Debug|Any CPU
		{77550FD2-ED66-4B6D-8A17-486F17C54C22}.Debug|Any CPU.Build.0 = Debug|Any CPU
		{77550FD2-ED66-4B6D-8A17-486F17C54C22}.Release|Any CPU.ActiveCfg = Release|Any CPU
		{77550FD2-ED66-4B6D-8A17-486F17C54C22}.Release|Any CPU.Build.0 = Release|Any CPU
		{B20F1814-E2F2-46CB-8350-D5973350D46D}.Debug|Any CPU.ActiveCfg = Debug|Any CPU
		{B20F1814-E2F2-46CB-8350-D5973350D46D}.Debug|Any CPU.Build.0 = Debug|Any CPU
		{B20F1814-E2F2-46CB-8350-D5973350D46D}.Release|Any CPU.ActiveCfg = Release|Any CPU
		{B20F1814-E2F2-46CB-8350-D5973350D46D}.Release|Any CPU.Build.0 = Release|Any CPU
		{FEF806C1-F0B2-4BC0-9ABC-81D7F1F6A4A5}.Debug|Any CPU.ActiveCfg = Debug|Any CPU
		{FEF806C1-F0B2-4BC0-9ABC-81D7F1F6A4A5}.Debug|Any CPU.Build.0 = Debug|Any CPU
		{FEF806C1-F0B2-4BC0-9ABC-81D7F1F6A4A5}.Release|Any CPU.ActiveCfg = Release|Any CPU
		{FEF806C1-F0B2-4BC0-9ABC-81D7F1F6A4A5}.Release|Any CPU.Build.0 = Release|Any CPU
		{6512BDA3-C5C0-4B03-B64A-DE5D7B676694}.Debug|Any CPU.ActiveCfg = Debug|Any CPU
		{6512BDA3-C5C0-4B03-B64A-DE5D7B676694}.Debug|Any CPU.Build.0 = Debug|Any CPU
		{6512BDA3-C5C0-4B03-B64A-DE5D7B676694}.Release|Any CPU.ActiveCfg = Release|Any CPU
		{6512BDA3-C5C0-4B03-B64A-DE5D7B676694}.Release|Any CPU.Build.0 = Release|Any CPU
		{D805E709-A1D6-4B6E-8FAE-1E3873AC5B2C}.Debug|Any CPU.ActiveCfg = Debug|Any CPU
		{D805E709-A1D6-4B6E-8FAE-1E3873AC5B2C}.Debug|Any CPU.Build.0 = Debug|Any CPU
		{D805E709-A1D6-4B6E-8FAE-1E3873AC5B2C}.Release|Any CPU.ActiveCfg = Release|Any CPU
		{D805E709-A1D6-4B6E-8FAE-1E3873AC5B2C}.Release|Any CPU.Build.0 = Release|Any CPU
		{01EDC316-0EAD-492E-816F-249ECBAE1EC9}.Debug|Any CPU.ActiveCfg = Debug|Any CPU
		{01EDC316-0EAD-492E-816F-249ECBAE1EC9}.Debug|Any CPU.Build.0 = Debug|Any CPU
		{01EDC316-0EAD-492E-816F-249ECBAE1EC9}.Release|Any CPU.ActiveCfg = Release|Any CPU
		{01EDC316-0EAD-492E-816F-249ECBAE1EC9}.Release|Any CPU.Build.0 = Release|Any CPU
		{E78BDB58-3CF1-4045-8315-C616515A190B}.Debug|Any CPU.ActiveCfg = Debug|Any CPU
		{E78BDB58-3CF1-4045-8315-C616515A190B}.Debug|Any CPU.Build.0 = Debug|Any CPU
		{E78BDB58-3CF1-4045-8315-C616515A190B}.Release|Any CPU.ActiveCfg = Release|Any CPU
		{E78BDB58-3CF1-4045-8315-C616515A190B}.Release|Any CPU.Build.0 = Release|Any CPU
		{8850F8A0-C161-465F-BF45-3ED7F1C81F5D}.Debug|Any CPU.ActiveCfg = Debug|Any CPU
		{8850F8A0-C161-465F-BF45-3ED7F1C81F5D}.Debug|Any CPU.Build.0 = Debug|Any CPU
		{8850F8A0-C161-465F-BF45-3ED7F1C81F5D}.Release|Any CPU.ActiveCfg = Release|Any CPU
		{8850F8A0-C161-465F-BF45-3ED7F1C81F5D}.Release|Any CPU.Build.0 = Release|Any CPU
		{A3F54EEE-4933-4A5C-ACC4-52C130995097}.Debug|Any CPU.ActiveCfg = Debug|Any CPU
		{A3F54EEE-4933-4A5C-ACC4-52C130995097}.Debug|Any CPU.Build.0 = Debug|Any CPU
		{A3F54EEE-4933-4A5C-ACC4-52C130995097}.Release|Any CPU.ActiveCfg = Release|Any CPU
		{A3F54EEE-4933-4A5C-ACC4-52C130995097}.Release|Any CPU.Build.0 = Release|Any CPU
		{524D7934-CD40-471F-8FD4-29C6147FAE8E}.Debug|Any CPU.ActiveCfg = Debug|Any CPU
		{524D7934-CD40-471F-8FD4-29C6147FAE8E}.Debug|Any CPU.Build.0 = Debug|Any CPU
		{524D7934-CD40-471F-8FD4-29C6147FAE8E}.Release|Any CPU.ActiveCfg = Release|Any CPU
		{524D7934-CD40-471F-8FD4-29C6147FAE8E}.Release|Any CPU.Build.0 = Release|Any CPU
		{F5E977F4-E2E8-42BB-9767-29F30327E0A7}.Debug|Any CPU.ActiveCfg = Debug|Any CPU
		{F5E977F4-E2E8-42BB-9767-29F30327E0A7}.Debug|Any CPU.Build.0 = Debug|Any CPU
		{F5E977F4-E2E8-42BB-9767-29F30327E0A7}.Release|Any CPU.ActiveCfg = Release|Any CPU
		{F5E977F4-E2E8-42BB-9767-29F30327E0A7}.Release|Any CPU.Build.0 = Release|Any CPU
		{864F3936-C9E3-4EC6-93D1-5102B3FBCC62}.Debug|Any CPU.ActiveCfg = Debug|Any CPU
		{864F3936-C9E3-4EC6-93D1-5102B3FBCC62}.Debug|Any CPU.Build.0 = Debug|Any CPU
		{864F3936-C9E3-4EC6-93D1-5102B3FBCC62}.Release|Any CPU.ActiveCfg = Release|Any CPU
		{864F3936-C9E3-4EC6-93D1-5102B3FBCC62}.Release|Any CPU.Build.0 = Release|Any CPU
		{B3723348-695B-4F20-B6A6-FC12D5EBD7D7}.Debug|Any CPU.ActiveCfg = Debug|Any CPU
		{B3723348-695B-4F20-B6A6-FC12D5EBD7D7}.Debug|Any CPU.Build.0 = Debug|Any CPU
		{B3723348-695B-4F20-B6A6-FC12D5EBD7D7}.Release|Any CPU.ActiveCfg = Release|Any CPU
		{B3723348-695B-4F20-B6A6-FC12D5EBD7D7}.Release|Any CPU.Build.0 = Release|Any CPU
		{E5D92A09-B2B2-46C2-9D6F-8BF4F72C6096}.Debug|Any CPU.ActiveCfg = Debug|Any CPU
		{E5D92A09-B2B2-46C2-9D6F-8BF4F72C6096}.Debug|Any CPU.Build.0 = Debug|Any CPU
		{E5D92A09-B2B2-46C2-9D6F-8BF4F72C6096}.Release|Any CPU.ActiveCfg = Release|Any CPU
		{E5D92A09-B2B2-46C2-9D6F-8BF4F72C6096}.Release|Any CPU.Build.0 = Release|Any CPU
		{7BAD3451-01B0-48A9-8E79-F7279E227D23}.Debug|Any CPU.ActiveCfg = Debug|Any CPU
		{7BAD3451-01B0-48A9-8E79-F7279E227D23}.Debug|Any CPU.Build.0 = Debug|Any CPU
		{7BAD3451-01B0-48A9-8E79-F7279E227D23}.Release|Any CPU.ActiveCfg = Release|Any CPU
		{7BAD3451-01B0-48A9-8E79-F7279E227D23}.Release|Any CPU.Build.0 = Release|Any CPU
		{DEAE4D33-F70E-44F0-AD4C-31E6FE0C0811}.Debug|Any CPU.ActiveCfg = Debug|Any CPU
		{DEAE4D33-F70E-44F0-AD4C-31E6FE0C0811}.Debug|Any CPU.Build.0 = Debug|Any CPU
		{DEAE4D33-F70E-44F0-AD4C-31E6FE0C0811}.Release|Any CPU.ActiveCfg = Release|Any CPU
		{DEAE4D33-F70E-44F0-AD4C-31E6FE0C0811}.Release|Any CPU.Build.0 = Release|Any CPU
		{DE5BD420-EE55-4028-9620-F64C55CFA2FF}.Debug|Any CPU.ActiveCfg = Debug|Any CPU
		{DE5BD420-EE55-4028-9620-F64C55CFA2FF}.Debug|Any CPU.Build.0 = Debug|Any CPU
		{DE5BD420-EE55-4028-9620-F64C55CFA2FF}.Release|Any CPU.ActiveCfg = Release|Any CPU
		{DE5BD420-EE55-4028-9620-F64C55CFA2FF}.Release|Any CPU.Build.0 = Release|Any CPU
		{F53432FE-B6AE-4B2F-B018-2A1B0A00D6F6}.Debug|Any CPU.ActiveCfg = Debug|Any CPU
		{F53432FE-B6AE-4B2F-B018-2A1B0A00D6F6}.Debug|Any CPU.Build.0 = Debug|Any CPU
		{F53432FE-B6AE-4B2F-B018-2A1B0A00D6F6}.Release|Any CPU.ActiveCfg = Release|Any CPU
		{F53432FE-B6AE-4B2F-B018-2A1B0A00D6F6}.Release|Any CPU.Build.0 = Release|Any CPU
		{C1665CEC-D817-447D-A38D-68752622940C}.Debug|Any CPU.ActiveCfg = Debug|Any CPU
		{C1665CEC-D817-447D-A38D-68752622940C}.Debug|Any CPU.Build.0 = Debug|Any CPU
		{C1665CEC-D817-447D-A38D-68752622940C}.Release|Any CPU.ActiveCfg = Release|Any CPU
		{C1665CEC-D817-447D-A38D-68752622940C}.Release|Any CPU.Build.0 = Release|Any CPU
		{E56F3DE6-C6CD-42C4-A9BA-862EEFB10A00}.Debug|Any CPU.ActiveCfg = Debug|Any CPU
		{E56F3DE6-C6CD-42C4-A9BA-862EEFB10A00}.Debug|Any CPU.Build.0 = Debug|Any CPU
		{E56F3DE6-C6CD-42C4-A9BA-862EEFB10A00}.Release|Any CPU.ActiveCfg = Release|Any CPU
		{E56F3DE6-C6CD-42C4-A9BA-862EEFB10A00}.Release|Any CPU.Build.0 = Release|Any CPU
		{BD0C86B9-03D0-49E1-9C91-86ADA96651C0}.Debug|Any CPU.ActiveCfg = Debug|Any CPU
		{BD0C86B9-03D0-49E1-9C91-86ADA96651C0}.Debug|Any CPU.Build.0 = Debug|Any CPU
		{BD0C86B9-03D0-49E1-9C91-86ADA96651C0}.Release|Any CPU.ActiveCfg = Release|Any CPU
		{BD0C86B9-03D0-49E1-9C91-86ADA96651C0}.Release|Any CPU.Build.0 = Release|Any CPU
		{FE814BF8-EB97-4E40-A876-564D47F02720}.Debug|Any CPU.ActiveCfg = Debug|Any CPU
		{FE814BF8-EB97-4E40-A876-564D47F02720}.Debug|Any CPU.Build.0 = Debug|Any CPU
		{FE814BF8-EB97-4E40-A876-564D47F02720}.Release|Any CPU.ActiveCfg = Release|Any CPU
		{FE814BF8-EB97-4E40-A876-564D47F02720}.Release|Any CPU.Build.0 = Release|Any CPU
		{B050D580-D07A-4037-A104-51BC5FC0BDE5}.Debug|Any CPU.ActiveCfg = Debug|Any CPU
		{B050D580-D07A-4037-A104-51BC5FC0BDE5}.Debug|Any CPU.Build.0 = Debug|Any CPU
		{B050D580-D07A-4037-A104-51BC5FC0BDE5}.Release|Any CPU.ActiveCfg = Release|Any CPU
		{B050D580-D07A-4037-A104-51BC5FC0BDE5}.Release|Any CPU.Build.0 = Release|Any CPU
		{EA0CD3BA-CDCB-4F55-A6C1-FBA3B8E6C775}.Debug|Any CPU.ActiveCfg = Debug|Any CPU
		{EA0CD3BA-CDCB-4F55-A6C1-FBA3B8E6C775}.Debug|Any CPU.Build.0 = Debug|Any CPU
		{EA0CD3BA-CDCB-4F55-A6C1-FBA3B8E6C775}.Release|Any CPU.ActiveCfg = Release|Any CPU
		{EA0CD3BA-CDCB-4F55-A6C1-FBA3B8E6C775}.Release|Any CPU.Build.0 = Release|Any CPU
		{0392595B-40C6-47D9-BEEA-585E6D086762}.Debug|Any CPU.ActiveCfg = Debug|Any CPU
		{0392595B-40C6-47D9-BEEA-585E6D086762}.Debug|Any CPU.Build.0 = Debug|Any CPU
		{0392595B-40C6-47D9-BEEA-585E6D086762}.Release|Any CPU.ActiveCfg = Release|Any CPU
		{0392595B-40C6-47D9-BEEA-585E6D086762}.Release|Any CPU.Build.0 = Release|Any CPU
		{EBFB743B-1A48-4E96-A0BE-16B5782D2D13}.Debug|Any CPU.ActiveCfg = Debug|Any CPU
		{EBFB743B-1A48-4E96-A0BE-16B5782D2D13}.Debug|Any CPU.Build.0 = Debug|Any CPU
		{EBFB743B-1A48-4E96-A0BE-16B5782D2D13}.Release|Any CPU.ActiveCfg = Release|Any CPU
		{EBFB743B-1A48-4E96-A0BE-16B5782D2D13}.Release|Any CPU.Build.0 = Release|Any CPU
		{D2A4A1B8-C13F-406B-9B38-C2CD2EC5E415}.Debug|Any CPU.ActiveCfg = Debug|Any CPU
		{D2A4A1B8-C13F-406B-9B38-C2CD2EC5E415}.Debug|Any CPU.Build.0 = Debug|Any CPU
		{D2A4A1B8-C13F-406B-9B38-C2CD2EC5E415}.Release|Any CPU.ActiveCfg = Release|Any CPU
		{D2A4A1B8-C13F-406B-9B38-C2CD2EC5E415}.Release|Any CPU.Build.0 = Release|Any CPU
		{D1148CAD-0D05-4556-A320-2E4EFC6F0DBB}.Debug|Any CPU.ActiveCfg = Debug|Any CPU
		{D1148CAD-0D05-4556-A320-2E4EFC6F0DBB}.Debug|Any CPU.Build.0 = Debug|Any CPU
		{D1148CAD-0D05-4556-A320-2E4EFC6F0DBB}.Release|Any CPU.ActiveCfg = Release|Any CPU
		{D1148CAD-0D05-4556-A320-2E4EFC6F0DBB}.Release|Any CPU.Build.0 = Release|Any CPU
		{6F8CE117-028D-476D-AD5A-2A3AA4501E7D}.Debug|Any CPU.ActiveCfg = Debug|Any CPU
		{6F8CE117-028D-476D-AD5A-2A3AA4501E7D}.Debug|Any CPU.Build.0 = Debug|Any CPU
		{6F8CE117-028D-476D-AD5A-2A3AA4501E7D}.Release|Any CPU.ActiveCfg = Release|Any CPU
		{6F8CE117-028D-476D-AD5A-2A3AA4501E7D}.Release|Any CPU.Build.0 = Release|Any CPU
		{0A485FB3-253F-4BF3-BA66-E67AA22BFE62}.Debug|Any CPU.ActiveCfg = Debug|Any CPU
		{0A485FB3-253F-4BF3-BA66-E67AA22BFE62}.Debug|Any CPU.Build.0 = Debug|Any CPU
		{0A485FB3-253F-4BF3-BA66-E67AA22BFE62}.Release|Any CPU.ActiveCfg = Release|Any CPU
		{0A485FB3-253F-4BF3-BA66-E67AA22BFE62}.Release|Any CPU.Build.0 = Release|Any CPU
		{D0C6FDA8-D7EC-4FFB-B2D7-69055741D5E7}.Debug|Any CPU.ActiveCfg = Debug|Any CPU
		{D0C6FDA8-D7EC-4FFB-B2D7-69055741D5E7}.Debug|Any CPU.Build.0 = Debug|Any CPU
		{D0C6FDA8-D7EC-4FFB-B2D7-69055741D5E7}.Release|Any CPU.ActiveCfg = Release|Any CPU
		{D0C6FDA8-D7EC-4FFB-B2D7-69055741D5E7}.Release|Any CPU.Build.0 = Release|Any CPU
		{E35941F6-22FE-471C-A448-77298F79D1EA}.Debug|Any CPU.ActiveCfg = Debug|Any CPU
		{E35941F6-22FE-471C-A448-77298F79D1EA}.Debug|Any CPU.Build.0 = Debug|Any CPU
		{E35941F6-22FE-471C-A448-77298F79D1EA}.Release|Any CPU.ActiveCfg = Release|Any CPU
		{E35941F6-22FE-471C-A448-77298F79D1EA}.Release|Any CPU.Build.0 = Release|Any CPU
	EndGlobalSection
	GlobalSection(SolutionProperties) = preSolution
		HideSolutionNode = FALSE
	EndGlobalSection
	GlobalSection(NestedProjects) = preSolution
		{63FDFD9C-F1CB-4356-A78D-31BB27C15078} = {8620B710-7554-4607-B3F1-1A4E26513AF6}
		{9CA2BF30-3860-4B5C-B4CB-7D5407629DB3} = {8620B710-7554-4607-B3F1-1A4E26513AF6}
		{E69E56F8-C460-4565-B858-CA23FA4E537B} = {8620B710-7554-4607-B3F1-1A4E26513AF6}
		{0A14F58B-8836-4305-8E08-9588A1856AB9} = {8620B710-7554-4607-B3F1-1A4E26513AF6}
		{E8143813-F680-45DE-8F94-59298D76E218} = {8620B710-7554-4607-B3F1-1A4E26513AF6}
		{2BE63B98-820B-465E-8187-C402DDFEA16A} = {8620B710-7554-4607-B3F1-1A4E26513AF6}
		{8D1CBDD9-8120-488C-8E4C-E7EC59A798EE} = {8620B710-7554-4607-B3F1-1A4E26513AF6}
		{F185FD9A-4966-4F43-A524-D72B8E5A36D1} = {8620B710-7554-4607-B3F1-1A4E26513AF6}
		{C15E0AC1-BBC1-4A99-BA92-4257B0E1D6F8} = {8620B710-7554-4607-B3F1-1A4E26513AF6}
		{F38834D6-00FC-4738-B62F-43458609ADF2} = {8620B710-7554-4607-B3F1-1A4E26513AF6}
		{D4E44A6F-022D-4C29-8604-26B8FBB05728} = {8620B710-7554-4607-B3F1-1A4E26513AF6}
		{8D45D6E7-395A-4552-9304-C6AAE5E5C036} = {8620B710-7554-4607-B3F1-1A4E26513AF6}
		{CF48E528-10F1-4B88-87EF-9126E4967DD7} = {8620B710-7554-4607-B3F1-1A4E26513AF6}
		{0C9DA600-730E-400F-9832-B42B2E43AC60} = {8620B710-7554-4607-B3F1-1A4E26513AF6}
		{E34B569D-847C-496D-A3A1-B6D6552DEC4C} = {8620B710-7554-4607-B3F1-1A4E26513AF6}
		{536EFEBC-6AF8-43E8-AC4D-6CF505599736} = {8620B710-7554-4607-B3F1-1A4E26513AF6}
		{DC29DB07-5717-40FC-8E19-96A452076477} = {3D430B7D-3062-479D-A8D5-568D02BB4265}
		{ED01A3CE-44CA-4ED2-9013-98442F99FDE9} = {3D430B7D-3062-479D-A8D5-568D02BB4265}
		{50865853-2848-458B-BD6A-1B26EC3E730A} = {3D430B7D-3062-479D-A8D5-568D02BB4265}
		{FD157F79-88C2-4C2A-AFD8-DADC76D543B6} = {3D430B7D-3062-479D-A8D5-568D02BB4265}
		{2DC349C8-F235-45F2-BE79-59AA84CBA3C2} = {3D430B7D-3062-479D-A8D5-568D02BB4265}
		{684811AD-C641-4B05-9036-2A80A932845B} = {3D430B7D-3062-479D-A8D5-568D02BB4265}
		{0FFBC9E0-5569-4153-B408-4C31E195F509} = {3D430B7D-3062-479D-A8D5-568D02BB4265}
		{2FDBD724-7CC6-4731-A81C-BF5503C1C6D9} = {3D430B7D-3062-479D-A8D5-568D02BB4265}
		{591B2F78-3DF5-4EB4-A036-C4D842D5472C} = {3D430B7D-3062-479D-A8D5-568D02BB4265}
		{0DBC50AF-E985-47C2-83B0-9242AE5A1238} = {3D430B7D-3062-479D-A8D5-568D02BB4265}
		{478C12B3-BCBF-4E10-A85D-B5E286BC8304} = {3D430B7D-3062-479D-A8D5-568D02BB4265}
		{3B81C336-9BAC-4675-A76B-8248398B935F} = {3D430B7D-3062-479D-A8D5-568D02BB4265}
		{AFBC845E-CDDD-4503-AF1A-69D7DB91BC88} = {3D430B7D-3062-479D-A8D5-568D02BB4265}
		{1E2C5716-2555-4CB2-8903-93150B07E5B1} = {3D430B7D-3062-479D-A8D5-568D02BB4265}
		{24FECB9B-4C86-4E7A-9875-817754D5BEED} = {3D430B7D-3062-479D-A8D5-568D02BB4265}
		{3E07F776-3454-4A51-80FE-0B8D6930A4F9} = {3D430B7D-3062-479D-A8D5-568D02BB4265}
		{22AE1151-84D3-48A6-914B-AFB2AE520527} = {3D430B7D-3062-479D-A8D5-568D02BB4265}
		{CA91C8CB-41DE-4AA9-85E5-3F0A759D6087} = {1A6DA687-7B5D-4D77-AA35-1D2E418EE1F9}
		{35D17D93-5A38-4DA3-9C30-D70F80BA100F} = {1A6DA687-7B5D-4D77-AA35-1D2E418EE1F9}
		{AFF27204-8D3D-44D5-84DD-3216B067E981} = {1A6DA687-7B5D-4D77-AA35-1D2E418EE1F9}
		{ED106CDD-0AC8-4B8F-BED8-0430BD85C419} = {1A6DA687-7B5D-4D77-AA35-1D2E418EE1F9}
		{5BB8E40D-68E0-484A-837E-8541AAC15F77} = {1A6DA687-7B5D-4D77-AA35-1D2E418EE1F9}
		{FFB3C673-120C-48CE-B795-42E1313C9D52} = {1A6DA687-7B5D-4D77-AA35-1D2E418EE1F9}
		{26939C81-D559-4528-B0E4-7FBADA3075DF} = {1A6DA687-7B5D-4D77-AA35-1D2E418EE1F9}
		{EA85528F-442B-4E44-923B-32A32E2C030E} = {1A6DA687-7B5D-4D77-AA35-1D2E418EE1F9}
		{FD2F9FA5-9833-4C85-80DB-124B81835E9E} = {1A6DA687-7B5D-4D77-AA35-1D2E418EE1F9}
		{7B97F54D-7AD3-4EB5-90BE-7BD72ABD5E5A} = {1A6DA687-7B5D-4D77-AA35-1D2E418EE1F9}
		{D3F730D5-ACEA-4952-8C7F-C8E56E4C6A3B} = {1A6DA687-7B5D-4D77-AA35-1D2E418EE1F9}
		{D04352BB-941F-4854-920F-887CE9E312DB} = {1A6DA687-7B5D-4D77-AA35-1D2E418EE1F9}
		{868F9D53-6F54-4B8F-81CD-DBA71417117D} = {1A6DA687-7B5D-4D77-AA35-1D2E418EE1F9}
		{3EAA58B5-7705-414E-98FF-F18A44FD251C} = {1A6DA687-7B5D-4D77-AA35-1D2E418EE1F9}
		{40CD01E8-D86A-4EC0-B2AE-4E58ABBB25A6} = {1C9F5467-E48F-4EBA-A6F5-564D9FAB90FB}
		{8B63F8D6-27E3-4A13-8CA0-A70BD02C3AB1} = {1C9F5467-E48F-4EBA-A6F5-564D9FAB90FB}
		{B06AF65D-C6FB-4BFE-A640-31A0C5300EA9} = {1C9F5467-E48F-4EBA-A6F5-564D9FAB90FB}
		{F1B4B84E-C4E2-4AE3-8C61-92103E0B81DD} = {1C9F5467-E48F-4EBA-A6F5-564D9FAB90FB}
		{3D1EED0B-BA81-461D-B7D3-4E0C2CB31773} = {1C9F5467-E48F-4EBA-A6F5-564D9FAB90FB}
		{64C525B5-B74F-4A09-B3D2-F176D65C0B6F} = {1C9F5467-E48F-4EBA-A6F5-564D9FAB90FB}
		{69BF1982-8C67-4D06-90F9-E68F6653D4A0} = {1C9F5467-E48F-4EBA-A6F5-564D9FAB90FB}
		{4E54C1C7-FCEB-41F2-BA21-4268EA99057A} = {1C9F5467-E48F-4EBA-A6F5-564D9FAB90FB}
		{1F10CDA5-B7FE-4D2E-8CE1-E482C23FF3E6} = {1C9F5467-E48F-4EBA-A6F5-564D9FAB90FB}
		{6B9B2A6D-C7A7-43A6-8813-5E267E58BB67} = {1C9F5467-E48F-4EBA-A6F5-564D9FAB90FB}
		{986E55D1-70E5-4A6E-97F4-4D68D3C6EC42} = {1C9F5467-E48F-4EBA-A6F5-564D9FAB90FB}
		{442748E8-7B4A-4E84-AA10-318C40CCB356} = {1C9F5467-E48F-4EBA-A6F5-564D9FAB90FB}
		{26540A6D-C320-4AD8-B3CE-9055643E6CEE} = {1C9F5467-E48F-4EBA-A6F5-564D9FAB90FB}
		{13C447D1-4709-4F75-8927-B5D1103154AD} = {1C9F5467-E48F-4EBA-A6F5-564D9FAB90FB}
		{1527AD7D-D2F5-4F7A-AECD-767B6CD66341} = {1C9F5467-E48F-4EBA-A6F5-564D9FAB90FB}
		{C900123E-38E0-4090-A5E8-FF26EE391838} = {1C9F5467-E48F-4EBA-A6F5-564D9FAB90FB}
		{DEE5DFE7-FB7C-4A98-A69E-A5F735BB16B7} = {A55DCDA8-0EAF-495F-9361-6B9702711A3C}
		{D285C0D7-B7B3-4C75-8553-0DA76F13A284} = {A55DCDA8-0EAF-495F-9361-6B9702711A3C}
		{E50FB57C-548D-4129-92C7-F6645672777C} = {A55DCDA8-0EAF-495F-9361-6B9702711A3C}
		{51A1A1DE-80BD-4D98-84A2-7686B0CC2ABE} = {A55DCDA8-0EAF-495F-9361-6B9702711A3C}
		{15A0E923-4B79-4B57-B614-633A66BF5B31} = {A55DCDA8-0EAF-495F-9361-6B9702711A3C}
		{1CE0F609-4DDD-4ABC-BE45-7235DD122311} = {A55DCDA8-0EAF-495F-9361-6B9702711A3C}
		{7EE0C4FB-B85F-4C55-99CA-D7EAC54C27A2} = {A55DCDA8-0EAF-495F-9361-6B9702711A3C}
		{D9614A20-D912-4281-BF28-B5560BD9AEF0} = {A55DCDA8-0EAF-495F-9361-6B9702711A3C}
		{CA927220-B127-48B6-97DD-2918792B2277} = {A55DCDA8-0EAF-495F-9361-6B9702711A3C}
		{AA465D45-8A78-40E1-8742-F271C2FECD92} = {A55DCDA8-0EAF-495F-9361-6B9702711A3C}
		{259EA9F1-0343-4881-95B1-150C8604A7DE} = {A55DCDA8-0EAF-495F-9361-6B9702711A3C}
		{44813FC6-E87F-40C5-B498-EE692E3215F2} = {A5E376D8-CE95-41E2-881B-19875E9EFC23}
		{77550FD2-ED66-4B6D-8A17-486F17C54C22} = {A5E376D8-CE95-41E2-881B-19875E9EFC23}
		{B20F1814-E2F2-46CB-8350-D5973350D46D} = {A5E376D8-CE95-41E2-881B-19875E9EFC23}
		{FEF806C1-F0B2-4BC0-9ABC-81D7F1F6A4A5} = {A5E376D8-CE95-41E2-881B-19875E9EFC23}
		{6512BDA3-C5C0-4B03-B64A-DE5D7B676694} = {A5E376D8-CE95-41E2-881B-19875E9EFC23}
		{D805E709-A1D6-4B6E-8FAE-1E3873AC5B2C} = {A5E376D8-CE95-41E2-881B-19875E9EFC23}
		{01EDC316-0EAD-492E-816F-249ECBAE1EC9} = {A5E376D8-CE95-41E2-881B-19875E9EFC23}
		{E78BDB58-3CF1-4045-8315-C616515A190B} = {A5E376D8-CE95-41E2-881B-19875E9EFC23}
		{8850F8A0-C161-465F-BF45-3ED7F1C81F5D} = {A5E376D8-CE95-41E2-881B-19875E9EFC23}
		{A3F54EEE-4933-4A5C-ACC4-52C130995097} = {A5E376D8-CE95-41E2-881B-19875E9EFC23}
		{524D7934-CD40-471F-8FD4-29C6147FAE8E} = {A5E376D8-CE95-41E2-881B-19875E9EFC23}
		{F5E977F4-E2E8-42BB-9767-29F30327E0A7} = {A5E376D8-CE95-41E2-881B-19875E9EFC23}
		{864F3936-C9E3-4EC6-93D1-5102B3FBCC62} = {4FAD77BA-2B9C-4A7D-994D-25380724AC57}
		{B3723348-695B-4F20-B6A6-FC12D5EBD7D7} = {4FAD77BA-2B9C-4A7D-994D-25380724AC57}
		{E5D92A09-B2B2-46C2-9D6F-8BF4F72C6096} = {4FAD77BA-2B9C-4A7D-994D-25380724AC57}
		{7BAD3451-01B0-48A9-8E79-F7279E227D23} = {4FAD77BA-2B9C-4A7D-994D-25380724AC57}
		{DEAE4D33-F70E-44F0-AD4C-31E6FE0C0811} = {4FAD77BA-2B9C-4A7D-994D-25380724AC57}
		{DE5BD420-EE55-4028-9620-F64C55CFA2FF} = {4FAD77BA-2B9C-4A7D-994D-25380724AC57}
		{F53432FE-B6AE-4B2F-B018-2A1B0A00D6F6} = {4FAD77BA-2B9C-4A7D-994D-25380724AC57}
		{C1665CEC-D817-447D-A38D-68752622940C} = {4FAD77BA-2B9C-4A7D-994D-25380724AC57}
		{E56F3DE6-C6CD-42C4-A9BA-862EEFB10A00} = {4FAD77BA-2B9C-4A7D-994D-25380724AC57}
		{BD0C86B9-03D0-49E1-9C91-86ADA96651C0} = {4FAD77BA-2B9C-4A7D-994D-25380724AC57}
		{FE814BF8-EB97-4E40-A876-564D47F02720} = {4FAD77BA-2B9C-4A7D-994D-25380724AC57}
		{B050D580-D07A-4037-A104-51BC5FC0BDE5} = {4FAD77BA-2B9C-4A7D-994D-25380724AC57}
		{EA0CD3BA-CDCB-4F55-A6C1-FBA3B8E6C775} = {4FAD77BA-2B9C-4A7D-994D-25380724AC57}
		{0392595B-40C6-47D9-BEEA-585E6D086762} = {7F69EC79-C057-4F7C-972D-79CB244AA964}
		{EBFB743B-1A48-4E96-A0BE-16B5782D2D13} = {7F69EC79-C057-4F7C-972D-79CB244AA964}
		{D2A4A1B8-C13F-406B-9B38-C2CD2EC5E415} = {7F69EC79-C057-4F7C-972D-79CB244AA964}
		{D1148CAD-0D05-4556-A320-2E4EFC6F0DBB} = {7F69EC79-C057-4F7C-972D-79CB244AA964}
		{6F8CE117-028D-476D-AD5A-2A3AA4501E7D} = {7F69EC79-C057-4F7C-972D-79CB244AA964}
		{0A485FB3-253F-4BF3-BA66-E67AA22BFE62} = {7F69EC79-C057-4F7C-972D-79CB244AA964}
		{D0C6FDA8-D7EC-4FFB-B2D7-69055741D5E7} = {7F69EC79-C057-4F7C-972D-79CB244AA964}
		{E35941F6-22FE-471C-A448-77298F79D1EA} = {7F69EC79-C057-4F7C-972D-79CB244AA964}
	EndGlobalSection
	GlobalSection(ExtensibilityGlobals) = postSolution
		SolutionGuid = {BF63F7AF-4ABC-4186-BDCE-5156533E8DE7}
	EndGlobalSection
EndGlobal
